{
  "object": {
    "pins": [
      {
        "package": "Kingfisher",
        "repositoryURL": "https://github.com/onevcat/Kingfisher.git",
        "state": {
          "branch": "master",
          "revision": "bef0d09d2cab299fdeb2446de080df9f2b7dee91",
          "version": null
        }
      },
      {
        "package": "Loaf",
        "repositoryURL": "https://github.com/schmidyy/Loaf.git",
        "state": {
          "branch": null,
          "revision": "5f78a659666fd1025579ded60960452a4c60eda6",
          "version": "0.7.0"
        }
      },
      {
        "package": "Lottie",
        "repositoryURL": "https://github.com/airbnb/lottie-ios",
        "state": {
          "branch": "master",
          "revision": "b4f9b2ea44fcc47628a27c1fb876314608f1736b",
          "version": null
        }
      },
      {
        "package": "SwiftEntryKit",
        "repositoryURL": "https://github.com/aybekckaya/SwiftEntryKit.git",
        "state": {
          "branch": null,
          "revision": "5ad36cccf0c4b9fea32f4e9b17a8e38f07563ef0",
          "version": "2.0.0"
        }
      },
      {
        "package": "SwiftHash",
        "repositoryURL": "https://github.com/onmyway133/SwiftHash.git",
        "state": {
          "branch": null,
          "revision": "a900fc3f33c67eb33c9e650651edf6e23a410b3c",
          "version": "2.0.2"
        }
      },
      {
        "package": "SwipeableTabBarController",
        "repositoryURL": "https://github.com/marcosgriselli/SwipeableTabBarController.git",
        "state": {
          "branch": null,
          "revision": "f90f5142a9cd119f8929cec1bfcf78aa0a2f2e8f",
          "version": "3.4.2"
        }
      }
    ]
  },
  "version": 1
}
