// !$*UTF8*$!
{
	archiveVersion = 1;
	classes = {
	};
	objectVersion = 55;
	objects = {

/* Begin PBXBuildFile section */
		A311FBF72802A69E00EE27A3 /* ScrollableViewController.swift in Sources */ = {isa = PBXBuildFile; fileRef = A311FBEB2802A69E00EE27A3 /* ScrollableViewController.swift */; };
		A311FBF82802A69E00EE27A3 /* StackedView.swift in Sources */ = {isa = PBXBuildFile; fileRef = A311FBEC2802A69E00EE27A3 /* StackedView.swift */; };
		A311FBFA2802A69E00EE27A3 /* ScrollableView.swift in Sources */ = {isa = PBXBuildFile; fileRef = A311FBEE2802A69E00EE27A3 /* ScrollableView.swift */; };
		A311FBFB2802A69E00EE27A3 /* UITableView+Extensions.swift in Sources */ = {isa = PBXBuildFile; fileRef = A311FBEF2802A69E00EE27A3 /* UITableView+Extensions.swift */; };
		A311FBFC2802A69E00EE27A3 /* URL+Extensions.swift in Sources */ = {isa = PBXBuildFile; fileRef = A311FBF02802A69E00EE27A3 /* URL+Extensions.swift */; };
		A311FBFD2802A69E00EE27A3 /* Date+Extensions.swift in Sources */ = {isa = PBXBuildFile; fileRef = A311FBF12802A69E00EE27A3 /* Date+Extensions.swift */; };
		A311FBFE2802A69E00EE27A3 /* DeclarativeCollectionView.swift in Sources */ = {isa = PBXBuildFile; fileRef = A311FBF32802A69E00EE27A3 /* DeclarativeCollectionView.swift */; };
		A311FBFF2802A69E00EE27A3 /* DeclarativeCVSizeCalculator.swift in Sources */ = {isa = PBXBuildFile; fileRef = A311FBF42802A69E00EE27A3 /* DeclarativeCVSizeCalculator.swift */; };
		A311FC002802A69E00EE27A3 /* DeclarativeTableView.swift in Sources */ = {isa = PBXBuildFile; fileRef = A311FBF52802A69E00EE27A3 /* DeclarativeTableView.swift */; };
		A311FC012802A69E00EE27A3 /* UICollectionView+Extensions.swift in Sources */ = {isa = PBXBuildFile; fileRef = A311FBF62802A69E00EE27A3 /* UICollectionView+Extensions.swift */; };
		A311FC062802A75C00EE27A3 /* TopicListRouter.swift in Sources */ = {isa = PBXBuildFile; fileRef = A311FC052802A75C00EE27A3 /* TopicListRouter.swift */; };
		A311FC082802A77400EE27A3 /* TopicListDataController.swift in Sources */ = {isa = PBXBuildFile; fileRef = A311FC072802A77400EE27A3 /* TopicListDataController.swift */; };
		A311FC0A2802A79300EE27A3 /* TopicListViewModel.swift in Sources */ = {isa = PBXBuildFile; fileRef = A311FC092802A79300EE27A3 /* TopicListViewModel.swift */; };
		A311FC0D2802A7C100EE27A3 /* ERViewController.swift in Sources */ = {isa = PBXBuildFile; fileRef = A311FC0C2802A7C100EE27A3 /* ERViewController.swift */; };
		A311FC0F2802A7ED00EE27A3 /* ERNavigationController.swift in Sources */ = {isa = PBXBuildFile; fileRef = A311FC0E2802A7ED00EE27A3 /* ERNavigationController.swift */; };
		A311FC142802A94400EE27A3 /* ERApplication.swift in Sources */ = {isa = PBXBuildFile; fileRef = A311FC132802A94400EE27A3 /* ERApplication.swift */; };
		A311FC162802A99800EE27A3 /* NavigationUtility.swift in Sources */ = {isa = PBXBuildFile; fileRef = A311FC152802A99800EE27A3 /* NavigationUtility.swift */; };
		A311FC182802AFCD00EE27A3 /* Configuration.swift in Sources */ = {isa = PBXBuildFile; fileRef = A311FC172802AFCD00EE27A3 /* Configuration.swift */; };
		A311FC1D2802BC6F00EE27A3 /* EREndpoint.swift in Sources */ = {isa = PBXBuildFile; fileRef = A311FC1C2802BC6F00EE27A3 /* EREndpoint.swift */; };
		A311FC1F2802BD4D00EE27A3 /* AuthToken.swift in Sources */ = {isa = PBXBuildFile; fileRef = A311FC1E2802BD4D00EE27A3 /* AuthToken.swift */; };
		A311FC232802C0A100EE27A3 /* KeychainWrapper.swift in Sources */ = {isa = PBXBuildFile; fileRef = A311FC222802C0A100EE27A3 /* KeychainWrapper.swift */; };
		A311FC252802C11700EE27A3 /* Const.swift in Sources */ = {isa = PBXBuildFile; fileRef = A311FC242802C11700EE27A3 /* Const.swift */; };
		A311FC292802C44300EE27A3 /* Promise.swift in Sources */ = {isa = PBXBuildFile; fileRef = A311FC272802C44300EE27A3 /* Promise.swift */; };
		A311FC2A2802C44300EE27A3 /* Promise+Extras.swift in Sources */ = {isa = PBXBuildFile; fileRef = A311FC282802C44300EE27A3 /* Promise+Extras.swift */; };
		A311FC3A2802C59800EE27A3 /* NetworkingLogProvider.swift in Sources */ = {isa = PBXBuildFile; fileRef = A311FC2C2802C59700EE27A3 /* NetworkingLogProvider.swift */; };
		A311FC3B2802C59800EE27A3 /* NetworkingJsonResponse.swift in Sources */ = {isa = PBXBuildFile; fileRef = A311FC2D2802C59700EE27A3 /* NetworkingJsonResponse.swift */; };
		A311FC3C2802C59800EE27A3 /* NetworkingRequestProtocols.swift in Sources */ = {isa = PBXBuildFile; fileRef = A311FC2E2802C59700EE27A3 /* NetworkingRequestProtocols.swift */; };
		A311FC3D2802C59800EE27A3 /* NetworkingRequestHeader.swift in Sources */ = {isa = PBXBuildFile; fileRef = A311FC2F2802C59700EE27A3 /* NetworkingRequestHeader.swift */; };
		A311FC3E2802C59800EE27A3 /* NetworkSessionConfiguration.swift in Sources */ = {isa = PBXBuildFile; fileRef = A311FC302802C59700EE27A3 /* NetworkSessionConfiguration.swift */; };
		A311FC3F2802C59800EE27A3 /* NetworkingError.swift in Sources */ = {isa = PBXBuildFile; fileRef = A311FC312802C59700EE27A3 /* NetworkingError.swift */; };
		A311FC402802C59800EE27A3 /* NetworkingConsoleLogger.swift in Sources */ = {isa = PBXBuildFile; fileRef = A311FC322802C59800EE27A3 /* NetworkingConsoleLogger.swift */; };
		A311FC412802C59800EE27A3 /* Networking.swift in Sources */ = {isa = PBXBuildFile; fileRef = A311FC332802C59800EE27A3 /* Networking.swift */; };
		A311FC422802C59800EE27A3 /* NetworkingDataRequest.swift in Sources */ = {isa = PBXBuildFile; fileRef = A311FC342802C59800EE27A3 /* NetworkingDataRequest.swift */; };
		A311FC432802C59800EE27A3 /* NetworkingRequestMethod.swift in Sources */ = {isa = PBXBuildFile; fileRef = A311FC352802C59800EE27A3 /* NetworkingRequestMethod.swift */; };
		A311FC442802C59800EE27A3 /* NetworkResponseModel.swift in Sources */ = {isa = PBXBuildFile; fileRef = A311FC362802C59800EE27A3 /* NetworkResponseModel.swift */; };
		A311FC452802C59800EE27A3 /* NetworkingSession.swift in Sources */ = {isa = PBXBuildFile; fileRef = A311FC372802C59800EE27A3 /* NetworkingSession.swift */; };
		A311FC462802C59800EE27A3 /* NetworkingURLRequestBuilder.swift in Sources */ = {isa = PBXBuildFile; fileRef = A311FC382802C59800EE27A3 /* NetworkingURLRequestBuilder.swift */; };
		A311FC472802C59800EE27A3 /* NetworkingValidator.swift in Sources */ = {isa = PBXBuildFile; fileRef = A311FC392802C59800EE27A3 /* NetworkingValidator.swift */; };
		A311FC492802F53400EE27A3 /* EksiCloud.swift in Sources */ = {isa = PBXBuildFile; fileRef = A311FC482802F53400EE27A3 /* EksiCloud.swift */; };
		A311FC4B2803333900EE27A3 /* EksiRequests.swift in Sources */ = {isa = PBXBuildFile; fileRef = A311FC4A2803333900EE27A3 /* EksiRequests.swift */; };
		A311FC4D2803334800EE27A3 /* EksiResponses.swift in Sources */ = {isa = PBXBuildFile; fileRef = A311FC4C2803334800EE27A3 /* EksiResponses.swift */; };
		A32CA814280AD5A5005DE47B /* EntryAuthorView.swift in Sources */ = {isa = PBXBuildFile; fileRef = A32CA813280AD5A5005DE47B /* EntryAuthorView.swift */; };
		A32CA817280ADF5C005DE47B /* MainStyling.swift in Sources */ = {isa = PBXBuildFile; fileRef = A32CA816280ADF5C005DE47B /* MainStyling.swift */; };
		A32CA819280ADFAD005DE47B /* TodaysViewStyling.swift in Sources */ = {isa = PBXBuildFile; fileRef = A32CA818280ADFAD005DE47B /* TodaysViewStyling.swift */; };
		A32CA81B280ADFD7005DE47B /* TopicViewStyling.swift in Sources */ = {isa = PBXBuildFile; fileRef = A32CA81A280ADFD7005DE47B /* TopicViewStyling.swift */; };
		A32CA81E280AE7E3005DE47B /* Kingfisher in Frameworks */ = {isa = PBXBuildFile; productRef = A32CA81D280AE7E3005DE47B /* Kingfisher */; };
		A32CA820280AE946005DE47B /* DateFormatter+Extensions.swift in Sources */ = {isa = PBXBuildFile; fileRef = A32CA81F280AE946005DE47B /* DateFormatter+Extensions.swift */; };
		A32CA822280AEFF6005DE47B /* UIImageCacheExtension.swift in Sources */ = {isa = PBXBuildFile; fileRef = A32CA821280AEFF6005DE47B /* UIImageCacheExtension.swift */; };
		A32CA824280AF1B3005DE47B /* EntryInputView.swift in Sources */ = {isa = PBXBuildFile; fileRef = A32CA823280AF1B3005DE47B /* EntryInputView.swift */; };
		A32CA828280B0F11005DE47B /* ERStorage.swift in Sources */ = {isa = PBXBuildFile; fileRef = A32CA827280B0F11005DE47B /* ERStorage.swift */; };
		A32CA82B280B313F005DE47B /* Loaf in Frameworks */ = {isa = PBXBuildFile; productRef = A32CA82A280B313F005DE47B /* Loaf */; };
		A32CA82D280B5C19005DE47B /* LottieRefreshControl.swift in Sources */ = {isa = PBXBuildFile; fileRef = A32CA82C280B5C19005DE47B /* LottieRefreshControl.swift */; };
		A32CA82F280B5C3A005DE47B /* lemonLoading.json in Resources */ = {isa = PBXBuildFile; fileRef = A32CA82E280B5C3A005DE47B /* lemonLoading.json */; };
		A32CA831280B6135005DE47B /* Reachability.swift in Sources */ = {isa = PBXBuildFile; fileRef = A32CA830280B6135005DE47B /* Reachability.swift */; };
		A331001B27FCD1C700431F26 /* AppDelegate.swift in Sources */ = {isa = PBXBuildFile; fileRef = A331001A27FCD1C700431F26 /* AppDelegate.swift */; };
		A331001D27FCD1C700431F26 /* SceneDelegate.swift in Sources */ = {isa = PBXBuildFile; fileRef = A331001C27FCD1C700431F26 /* SceneDelegate.swift */; };
		A331002427FCD1C900431F26 /* Assets.xcassets in Resources */ = {isa = PBXBuildFile; fileRef = A331002327FCD1C900431F26 /* Assets.xcassets */; };
		A331002727FCD1C900431F26 /* LaunchScreen.storyboard in Resources */ = {isa = PBXBuildFile; fileRef = A331002527FCD1C900431F26 /* LaunchScreen.storyboard */; };
		A331003227FCD1C900431F26 /* EksiReaderTests.swift in Sources */ = {isa = PBXBuildFile; fileRef = A331003127FCD1C900431F26 /* EksiReaderTests.swift */; };
		A331003C27FCD1C900431F26 /* EksiReaderUITests.swift in Sources */ = {isa = PBXBuildFile; fileRef = A331003B27FCD1C900431F26 /* EksiReaderUITests.swift */; };
		A331003E27FCD1C900431F26 /* EksiReaderUITestsLaunchTests.swift in Sources */ = {isa = PBXBuildFile; fileRef = A331003D27FCD1C900431F26 /* EksiReaderUITestsLaunchTests.swift */; };
		A331004E27FCD25500431F26 /* TopicListViewController.swift in Sources */ = {isa = PBXBuildFile; fileRef = A331004D27FCD25500431F26 /* TopicListViewController.swift */; };
		A3362BD3280F6C0D00425CCA /* TodayViewController.swift in Sources */ = {isa = PBXBuildFile; fileRef = A3362BD2280F6C0D00425CCA /* TodayViewController.swift */; };
		A369A613280C5AD900494B40 /* EksiCloudCache.swift in Sources */ = {isa = PBXBuildFile; fileRef = A369A612280C5AD900494B40 /* EksiCloudCache.swift */; };
		A369A616280C5E8700494B40 /* SwiftHash in Frameworks */ = {isa = PBXBuildFile; productRef = A369A615280C5E8700494B40 /* SwiftHash */; };
		A369A61C280C6E0A00494B40 /* NetworkingDataResponse.swift in Sources */ = {isa = PBXBuildFile; fileRef = A369A61B280C6E0A00494B40 /* NetworkingDataResponse.swift */; };
		A369A627280CA2D700494B40 /* EntryRouter.swift in Sources */ = {isa = PBXBuildFile; fileRef = A369A626280CA2D700494B40 /* EntryRouter.swift */; };
		A369A629280CA31200494B40 /* EntryViewModel.swift in Sources */ = {isa = PBXBuildFile; fileRef = A369A628280CA31200494B40 /* EntryViewModel.swift */; };
		A369A62B280CA32000494B40 /* EntryDataController.swift in Sources */ = {isa = PBXBuildFile; fileRef = A369A62A280CA32000494B40 /* EntryDataController.swift */; };
		A369A62D280CA32B00494B40 /* EntryVC.swift in Sources */ = {isa = PBXBuildFile; fileRef = A369A62C280CA32B00494B40 /* EntryVC.swift */; };
		A369A62F280CB2DB00494B40 /* ERDataControllerProtocols.swift in Sources */ = {isa = PBXBuildFile; fileRef = A369A62E280CB2DB00494B40 /* ERDataControllerProtocols.swift */; };
		A369A632280CB84C00494B40 /* EntryTextContentView.swift in Sources */ = {isa = PBXBuildFile; fileRef = A369A631280CB84C00494B40 /* EntryTextContentView.swift */; };
		A369A634280CC13100494B40 /* EntryContentView.swift in Sources */ = {isa = PBXBuildFile; fileRef = A369A633280CC13100494B40 /* EntryContentView.swift */; };
		A369A63B280DF51200494B40 /* ERViewProtocols.swift in Sources */ = {isa = PBXBuildFile; fileRef = A369A63A280DF51200494B40 /* ERViewProtocols.swift */; };
		A369A63E280DF62B00494B40 /* StringExtensions.swift in Sources */ = {isa = PBXBuildFile; fileRef = A369A63D280DF62B00494B40 /* StringExtensions.swift */; };
		A369A640280DF66100494B40 /* ERViewModelProtocols.swift in Sources */ = {isa = PBXBuildFile; fileRef = A369A63F280DF66100494B40 /* ERViewModelProtocols.swift */; };
		A369A64E280E2A2C00494B40 /* TopicViewModel.swift in Sources */ = {isa = PBXBuildFile; fileRef = A369A643280E2A2C00494B40 /* TopicViewModel.swift */; };
		A369A64F280E2A2C00494B40 /* TopicDataController.swift in Sources */ = {isa = PBXBuildFile; fileRef = A369A645280E2A2C00494B40 /* TopicDataController.swift */; };
		A369A650280E2A2C00494B40 /* TopicItemPresentation.swift in Sources */ = {isa = PBXBuildFile; fileRef = A369A647280E2A2C00494B40 /* TopicItemPresentation.swift */; };
		A369A651280E2A2C00494B40 /* TopicCell.swift in Sources */ = {isa = PBXBuildFile; fileRef = A369A649280E2A2C00494B40 /* TopicCell.swift */; };
		A369A652280E2A2C00494B40 /* TopicViewController.swift in Sources */ = {isa = PBXBuildFile; fileRef = A369A64B280E2A2C00494B40 /* TopicViewController.swift */; };
		A369A653280E2A2C00494B40 /* TopicRouter.swift in Sources */ = {isa = PBXBuildFile; fileRef = A369A64D280E2A2C00494B40 /* TopicRouter.swift */; };
		A37A760528145B7600637BF9 /* CustomViewStyling.swift in Sources */ = {isa = PBXBuildFile; fileRef = A37A760428145B7600637BF9 /* CustomViewStyling.swift */; };
		A37AE2092814330800AC9EBB /* ERPagingView.swift in Sources */ = {isa = PBXBuildFile; fileRef = A37AE2082814330800AC9EBB /* ERPagingView.swift */; };
		A37B7870280499F900DED4F1 /* EksiError.swift in Sources */ = {isa = PBXBuildFile; fileRef = A37B786F280499F900DED4F1 /* EksiError.swift */; };
		A37B787228049CF300DED4F1 /* TopicListPresentation.swift in Sources */ = {isa = PBXBuildFile; fileRef = A37B787128049CF300DED4F1 /* TopicListPresentation.swift */; };
		A37B78752804AE5800DED4F1 /* TopicListCell.swift in Sources */ = {isa = PBXBuildFile; fileRef = A37B78742804AE5800DED4F1 /* TopicListCell.swift */; };
		A37B78782804B97100DED4F1 /* Lottie in Frameworks */ = {isa = PBXBuildFile; productRef = A37B78772804B97100DED4F1 /* Lottie */; };
		A37B787B2804BD7000DED4F1 /* EksiLoadingView.swift in Sources */ = {isa = PBXBuildFile; fileRef = A37B787A2804BD7000DED4F1 /* EksiLoadingView.swift */; };
		A37B78802804CF0B00DED4F1 /* EksiLoadingView.json in Resources */ = {isa = PBXBuildFile; fileRef = A37B787F2804CF0B00DED4F1 /* EksiLoadingView.json */; };
		A37B78822804CF7300DED4F1 /* EksiFooterLoadingView.swift in Sources */ = {isa = PBXBuildFile; fileRef = A37B78812804CF7300DED4F1 /* EksiFooterLoadingView.swift */; };
		A392F6BF280F119E00FB32C6 /* EksiTabbarController.swift in Sources */ = {isa = PBXBuildFile; fileRef = A392F6BE280F119E00FB32C6 /* EksiTabbarController.swift */; };
		A392F6C5280F233100FB32C6 /* SwipeableTabBarController in Frameworks */ = {isa = PBXBuildFile; productRef = A392F6C4280F233100FB32C6 /* SwipeableTabBarController */; };
		A3CE88C32810A0FB00E44823 /* PopularViewController.swift in Sources */ = {isa = PBXBuildFile; fileRef = A3CE88C22810A0FB00E44823 /* PopularViewController.swift */; };
		A3CE88C52811A99F00E44823 /* ERNavigationTitleView.swift in Sources */ = {isa = PBXBuildFile; fileRef = A3CE88C42811A99F00E44823 /* ERNavigationTitleView.swift */; };
		A3CE88C7281205D200E44823 /* UIViewController+Loading.swift in Sources */ = {isa = PBXBuildFile; fileRef = A3CE88C6281205D200E44823 /* UIViewController+Loading.swift */; };
		A3CE88CA28120C9B00E44823 /* ChannelManager.swift in Sources */ = {isa = PBXBuildFile; fileRef = A3CE88C928120C9B00E44823 /* ChannelManager.swift */; };
		A3E8E89428076993006DF479 /* ERListView.swift in Sources */ = {isa = PBXBuildFile; fileRef = A3E8E89328076993006DF479 /* ERListView.swift */; };
		A3F5D0B127FD346D0031FA1F /* DeclarativeAnimations.swift in Sources */ = {isa = PBXBuildFile; fileRef = A3F5D0A427FD346D0031FA1F /* DeclarativeAnimations.swift */; };
		A3F5D0B227FD346D0031FA1F /* DeclarativeString.swift in Sources */ = {isa = PBXBuildFile; fileRef = A3F5D0A527FD346D0031FA1F /* DeclarativeString.swift */; };
		A3F5D0B327FD346D0031FA1F /* DeclarativeLayout.swift in Sources */ = {isa = PBXBuildFile; fileRef = A3F5D0A627FD346D0031FA1F /* DeclarativeLayout.swift */; };
		A3F5D0B427FD346D0031FA1F /* DeclarativeUI.swift in Sources */ = {isa = PBXBuildFile; fileRef = A3F5D0A727FD346D0031FA1F /* DeclarativeUI.swift */; };
		A3F5D0B527FD346D0031FA1F /* KeyboardHandler.swift in Sources */ = {isa = PBXBuildFile; fileRef = A3F5D0A827FD346D0031FA1F /* KeyboardHandler.swift */; };
		A3F5D0B627FD346D0031FA1F /* Debouncer.swift in Sources */ = {isa = PBXBuildFile; fileRef = A3F5D0A927FD346D0031FA1F /* Debouncer.swift */; };
		A3F5D0B727FD346D0031FA1F /* KeyboardListener.swift in Sources */ = {isa = PBXBuildFile; fileRef = A3F5D0AA27FD346D0031FA1F /* KeyboardListener.swift */; };
		A3F5D0B827FD346D0031FA1F /* UIViewController+Extensions.swift in Sources */ = {isa = PBXBuildFile; fileRef = A3F5D0AC27FD346D0031FA1F /* UIViewController+Extensions.swift */; };
		A3F5D0B927FD346D0031FA1F /* UIEdgeInsets+Extensions.swift in Sources */ = {isa = PBXBuildFile; fileRef = A3F5D0AD27FD346D0031FA1F /* UIEdgeInsets+Extensions.swift */; };
		A3F5D0BA27FD346D0031FA1F /* CGRect+Extensions.swift in Sources */ = {isa = PBXBuildFile; fileRef = A3F5D0AE27FD346D0031FA1F /* CGRect+Extensions.swift */; };
		A3F5D0BB27FD346D0031FA1F /* UIViewGestureExtension.swift in Sources */ = {isa = PBXBuildFile; fileRef = A3F5D0AF27FD346D0031FA1F /* UIViewGestureExtension.swift */; };
		A3F5D0BC27FD346D0031FA1F /* UINib+Loading.swift in Sources */ = {isa = PBXBuildFile; fileRef = A3F5D0B027FD346D0031FA1F /* UINib+Loading.swift */; };
/* End PBXBuildFile section */

/* Begin PBXContainerItemProxy section */
		A331002E27FCD1C900431F26 /* PBXContainerItemProxy */ = {
			isa = PBXContainerItemProxy;
			containerPortal = A331000F27FCD1C700431F26 /* Project object */;
			proxyType = 1;
			remoteGlobalIDString = A331001627FCD1C700431F26;
			remoteInfo = EksiReader;
		};
		A331003827FCD1C900431F26 /* PBXContainerItemProxy */ = {
			isa = PBXContainerItemProxy;
			containerPortal = A331000F27FCD1C700431F26 /* Project object */;
			proxyType = 1;
			remoteGlobalIDString = A331001627FCD1C700431F26;
			remoteInfo = EksiReader;
		};
/* End PBXContainerItemProxy section */

/* Begin PBXFileReference section */
		A311FBEB2802A69E00EE27A3 /* ScrollableViewController.swift */ = {isa = PBXFileReference; fileEncoding = 4; lastKnownFileType = sourcecode.swift; path = ScrollableViewController.swift; sourceTree = "<group>"; };
		A311FBEC2802A69E00EE27A3 /* StackedView.swift */ = {isa = PBXFileReference; fileEncoding = 4; lastKnownFileType = sourcecode.swift; path = StackedView.swift; sourceTree = "<group>"; };
		A311FBEE2802A69E00EE27A3 /* ScrollableView.swift */ = {isa = PBXFileReference; fileEncoding = 4; lastKnownFileType = sourcecode.swift; path = ScrollableView.swift; sourceTree = "<group>"; };
		A311FBEF2802A69E00EE27A3 /* UITableView+Extensions.swift */ = {isa = PBXFileReference; fileEncoding = 4; lastKnownFileType = sourcecode.swift; path = "UITableView+Extensions.swift"; sourceTree = "<group>"; };
		A311FBF02802A69E00EE27A3 /* URL+Extensions.swift */ = {isa = PBXFileReference; fileEncoding = 4; lastKnownFileType = sourcecode.swift; path = "URL+Extensions.swift"; sourceTree = "<group>"; };
		A311FBF12802A69E00EE27A3 /* Date+Extensions.swift */ = {isa = PBXFileReference; fileEncoding = 4; lastKnownFileType = sourcecode.swift; path = "Date+Extensions.swift"; sourceTree = "<group>"; };
		A311FBF32802A69E00EE27A3 /* DeclarativeCollectionView.swift */ = {isa = PBXFileReference; fileEncoding = 4; lastKnownFileType = sourcecode.swift; path = DeclarativeCollectionView.swift; sourceTree = "<group>"; };
		A311FBF42802A69E00EE27A3 /* DeclarativeCVSizeCalculator.swift */ = {isa = PBXFileReference; fileEncoding = 4; lastKnownFileType = sourcecode.swift; path = DeclarativeCVSizeCalculator.swift; sourceTree = "<group>"; };
		A311FBF52802A69E00EE27A3 /* DeclarativeTableView.swift */ = {isa = PBXFileReference; fileEncoding = 4; lastKnownFileType = sourcecode.swift; path = DeclarativeTableView.swift; sourceTree = "<group>"; };
		A311FBF62802A69E00EE27A3 /* UICollectionView+Extensions.swift */ = {isa = PBXFileReference; fileEncoding = 4; lastKnownFileType = sourcecode.swift; path = "UICollectionView+Extensions.swift"; sourceTree = "<group>"; };
		A311FC052802A75C00EE27A3 /* TopicListRouter.swift */ = {isa = PBXFileReference; lastKnownFileType = sourcecode.swift; path = TopicListRouter.swift; sourceTree = "<group>"; };
		A311FC072802A77400EE27A3 /* TopicListDataController.swift */ = {isa = PBXFileReference; lastKnownFileType = sourcecode.swift; path = TopicListDataController.swift; sourceTree = "<group>"; };
		A311FC092802A79300EE27A3 /* TopicListViewModel.swift */ = {isa = PBXFileReference; lastKnownFileType = sourcecode.swift; path = TopicListViewModel.swift; sourceTree = "<group>"; };
		A311FC0C2802A7C100EE27A3 /* ERViewController.swift */ = {isa = PBXFileReference; lastKnownFileType = sourcecode.swift; path = ERViewController.swift; sourceTree = "<group>"; };
		A311FC0E2802A7ED00EE27A3 /* ERNavigationController.swift */ = {isa = PBXFileReference; lastKnownFileType = sourcecode.swift; path = ERNavigationController.swift; sourceTree = "<group>"; };
		A311FC132802A94400EE27A3 /* ERApplication.swift */ = {isa = PBXFileReference; lastKnownFileType = sourcecode.swift; path = ERApplication.swift; sourceTree = "<group>"; };
		A311FC152802A99800EE27A3 /* NavigationUtility.swift */ = {isa = PBXFileReference; lastKnownFileType = sourcecode.swift; path = NavigationUtility.swift; sourceTree = "<group>"; };
		A311FC172802AFCD00EE27A3 /* Configuration.swift */ = {isa = PBXFileReference; lastKnownFileType = sourcecode.swift; path = Configuration.swift; sourceTree = "<group>"; };
		A311FC1C2802BC6F00EE27A3 /* EREndpoint.swift */ = {isa = PBXFileReference; lastKnownFileType = sourcecode.swift; path = EREndpoint.swift; sourceTree = "<group>"; };
		A311FC1E2802BD4D00EE27A3 /* AuthToken.swift */ = {isa = PBXFileReference; lastKnownFileType = sourcecode.swift; path = AuthToken.swift; sourceTree = "<group>"; };
		A311FC222802C0A100EE27A3 /* KeychainWrapper.swift */ = {isa = PBXFileReference; lastKnownFileType = sourcecode.swift; path = KeychainWrapper.swift; sourceTree = "<group>"; };
		A311FC242802C11700EE27A3 /* Const.swift */ = {isa = PBXFileReference; lastKnownFileType = sourcecode.swift; path = Const.swift; sourceTree = "<group>"; };
		A311FC272802C44300EE27A3 /* Promise.swift */ = {isa = PBXFileReference; fileEncoding = 4; lastKnownFileType = sourcecode.swift; path = Promise.swift; sourceTree = "<group>"; };
		A311FC282802C44300EE27A3 /* Promise+Extras.swift */ = {isa = PBXFileReference; fileEncoding = 4; lastKnownFileType = sourcecode.swift; path = "Promise+Extras.swift"; sourceTree = "<group>"; };
		A311FC2C2802C59700EE27A3 /* NetworkingLogProvider.swift */ = {isa = PBXFileReference; fileEncoding = 4; lastKnownFileType = sourcecode.swift; path = NetworkingLogProvider.swift; sourceTree = "<group>"; };
		A311FC2D2802C59700EE27A3 /* NetworkingJsonResponse.swift */ = {isa = PBXFileReference; fileEncoding = 4; lastKnownFileType = sourcecode.swift; path = NetworkingJsonResponse.swift; sourceTree = "<group>"; };
		A311FC2E2802C59700EE27A3 /* NetworkingRequestProtocols.swift */ = {isa = PBXFileReference; fileEncoding = 4; lastKnownFileType = sourcecode.swift; path = NetworkingRequestProtocols.swift; sourceTree = "<group>"; };
		A311FC2F2802C59700EE27A3 /* NetworkingRequestHeader.swift */ = {isa = PBXFileReference; fileEncoding = 4; lastKnownFileType = sourcecode.swift; path = NetworkingRequestHeader.swift; sourceTree = "<group>"; };
		A311FC302802C59700EE27A3 /* NetworkSessionConfiguration.swift */ = {isa = PBXFileReference; fileEncoding = 4; lastKnownFileType = sourcecode.swift; path = NetworkSessionConfiguration.swift; sourceTree = "<group>"; };
		A311FC312802C59700EE27A3 /* NetworkingError.swift */ = {isa = PBXFileReference; fileEncoding = 4; lastKnownFileType = sourcecode.swift; path = NetworkingError.swift; sourceTree = "<group>"; };
		A311FC322802C59800EE27A3 /* NetworkingConsoleLogger.swift */ = {isa = PBXFileReference; fileEncoding = 4; lastKnownFileType = sourcecode.swift; path = NetworkingConsoleLogger.swift; sourceTree = "<group>"; };
		A311FC332802C59800EE27A3 /* Networking.swift */ = {isa = PBXFileReference; fileEncoding = 4; lastKnownFileType = sourcecode.swift; path = Networking.swift; sourceTree = "<group>"; };
		A311FC342802C59800EE27A3 /* NetworkingDataRequest.swift */ = {isa = PBXFileReference; fileEncoding = 4; lastKnownFileType = sourcecode.swift; path = NetworkingDataRequest.swift; sourceTree = "<group>"; };
		A311FC352802C59800EE27A3 /* NetworkingRequestMethod.swift */ = {isa = PBXFileReference; fileEncoding = 4; lastKnownFileType = sourcecode.swift; path = NetworkingRequestMethod.swift; sourceTree = "<group>"; };
		A311FC362802C59800EE27A3 /* NetworkResponseModel.swift */ = {isa = PBXFileReference; fileEncoding = 4; lastKnownFileType = sourcecode.swift; path = NetworkResponseModel.swift; sourceTree = "<group>"; };
		A311FC372802C59800EE27A3 /* NetworkingSession.swift */ = {isa = PBXFileReference; fileEncoding = 4; lastKnownFileType = sourcecode.swift; path = NetworkingSession.swift; sourceTree = "<group>"; };
		A311FC382802C59800EE27A3 /* NetworkingURLRequestBuilder.swift */ = {isa = PBXFileReference; fileEncoding = 4; lastKnownFileType = sourcecode.swift; path = NetworkingURLRequestBuilder.swift; sourceTree = "<group>"; };
		A311FC392802C59800EE27A3 /* NetworkingValidator.swift */ = {isa = PBXFileReference; fileEncoding = 4; lastKnownFileType = sourcecode.swift; path = NetworkingValidator.swift; sourceTree = "<group>"; };
		A311FC482802F53400EE27A3 /* EksiCloud.swift */ = {isa = PBXFileReference; lastKnownFileType = sourcecode.swift; path = EksiCloud.swift; sourceTree = "<group>"; };
		A311FC4A2803333900EE27A3 /* EksiRequests.swift */ = {isa = PBXFileReference; lastKnownFileType = sourcecode.swift; path = EksiRequests.swift; sourceTree = "<group>"; };
		A311FC4C2803334800EE27A3 /* EksiResponses.swift */ = {isa = PBXFileReference; lastKnownFileType = sourcecode.swift; path = EksiResponses.swift; sourceTree = "<group>"; };
		A32CA813280AD5A5005DE47B /* EntryAuthorView.swift */ = {isa = PBXFileReference; lastKnownFileType = sourcecode.swift; path = EntryAuthorView.swift; sourceTree = "<group>"; };
		A32CA816280ADF5C005DE47B /* MainStyling.swift */ = {isa = PBXFileReference; lastKnownFileType = sourcecode.swift; path = MainStyling.swift; sourceTree = "<group>"; };
		A32CA818280ADFAD005DE47B /* TodaysViewStyling.swift */ = {isa = PBXFileReference; lastKnownFileType = sourcecode.swift; path = TodaysViewStyling.swift; sourceTree = "<group>"; };
		A32CA81A280ADFD7005DE47B /* TopicViewStyling.swift */ = {isa = PBXFileReference; lastKnownFileType = sourcecode.swift; path = TopicViewStyling.swift; sourceTree = "<group>"; };
		A32CA81F280AE946005DE47B /* DateFormatter+Extensions.swift */ = {isa = PBXFileReference; lastKnownFileType = sourcecode.swift; path = "DateFormatter+Extensions.swift"; sourceTree = "<group>"; };
		A32CA821280AEFF6005DE47B /* UIImageCacheExtension.swift */ = {isa = PBXFileReference; fileEncoding = 4; lastKnownFileType = sourcecode.swift; path = UIImageCacheExtension.swift; sourceTree = "<group>"; };
		A32CA823280AF1B3005DE47B /* EntryInputView.swift */ = {isa = PBXFileReference; lastKnownFileType = sourcecode.swift; path = EntryInputView.swift; sourceTree = "<group>"; };
		A32CA827280B0F11005DE47B /* ERStorage.swift */ = {isa = PBXFileReference; lastKnownFileType = sourcecode.swift; path = ERStorage.swift; sourceTree = "<group>"; };
		A32CA82C280B5C19005DE47B /* LottieRefreshControl.swift */ = {isa = PBXFileReference; lastKnownFileType = sourcecode.swift; path = LottieRefreshControl.swift; sourceTree = "<group>"; };
		A32CA82E280B5C3A005DE47B /* lemonLoading.json */ = {isa = PBXFileReference; fileEncoding = 4; lastKnownFileType = text.json; path = lemonLoading.json; sourceTree = "<group>"; };
		A32CA830280B6135005DE47B /* Reachability.swift */ = {isa = PBXFileReference; lastKnownFileType = sourcecode.swift; path = Reachability.swift; sourceTree = "<group>"; };
		A331001727FCD1C700431F26 /* EksiReader.app */ = {isa = PBXFileReference; explicitFileType = wrapper.application; includeInIndex = 0; path = EksiReader.app; sourceTree = BUILT_PRODUCTS_DIR; };
		A331001A27FCD1C700431F26 /* AppDelegate.swift */ = {isa = PBXFileReference; lastKnownFileType = sourcecode.swift; path = AppDelegate.swift; sourceTree = "<group>"; };
		A331001C27FCD1C700431F26 /* SceneDelegate.swift */ = {isa = PBXFileReference; lastKnownFileType = sourcecode.swift; path = SceneDelegate.swift; sourceTree = "<group>"; };
		A331002327FCD1C900431F26 /* Assets.xcassets */ = {isa = PBXFileReference; lastKnownFileType = folder.assetcatalog; path = Assets.xcassets; sourceTree = "<group>"; };
		A331002627FCD1C900431F26 /* Base */ = {isa = PBXFileReference; lastKnownFileType = file.storyboard; name = Base; path = Base.lproj/LaunchScreen.storyboard; sourceTree = "<group>"; };
		A331002827FCD1C900431F26 /* Info.plist */ = {isa = PBXFileReference; lastKnownFileType = text.plist.xml; path = Info.plist; sourceTree = "<group>"; };
		A331002D27FCD1C900431F26 /* EksiReaderTests.xctest */ = {isa = PBXFileReference; explicitFileType = wrapper.cfbundle; includeInIndex = 0; path = EksiReaderTests.xctest; sourceTree = BUILT_PRODUCTS_DIR; };
		A331003127FCD1C900431F26 /* EksiReaderTests.swift */ = {isa = PBXFileReference; lastKnownFileType = sourcecode.swift; path = EksiReaderTests.swift; sourceTree = "<group>"; };
		A331003727FCD1C900431F26 /* EksiReaderUITests.xctest */ = {isa = PBXFileReference; explicitFileType = wrapper.cfbundle; includeInIndex = 0; path = EksiReaderUITests.xctest; sourceTree = BUILT_PRODUCTS_DIR; };
		A331003B27FCD1C900431F26 /* EksiReaderUITests.swift */ = {isa = PBXFileReference; lastKnownFileType = sourcecode.swift; path = EksiReaderUITests.swift; sourceTree = "<group>"; };
		A331003D27FCD1C900431F26 /* EksiReaderUITestsLaunchTests.swift */ = {isa = PBXFileReference; lastKnownFileType = sourcecode.swift; path = EksiReaderUITestsLaunchTests.swift; sourceTree = "<group>"; };
		A331004D27FCD25500431F26 /* TopicListViewController.swift */ = {isa = PBXFileReference; lastKnownFileType = sourcecode.swift; path = TopicListViewController.swift; sourceTree = "<group>"; };
		A3362BD2280F6C0D00425CCA /* TodayViewController.swift */ = {isa = PBXFileReference; lastKnownFileType = sourcecode.swift; path = TodayViewController.swift; sourceTree = "<group>"; };
		A369A612280C5AD900494B40 /* EksiCloudCache.swift */ = {isa = PBXFileReference; lastKnownFileType = sourcecode.swift; path = EksiCloudCache.swift; sourceTree = "<group>"; };
		A369A61B280C6E0A00494B40 /* NetworkingDataResponse.swift */ = {isa = PBXFileReference; lastKnownFileType = sourcecode.swift; path = NetworkingDataResponse.swift; sourceTree = "<group>"; };
		A369A626280CA2D700494B40 /* EntryRouter.swift */ = {isa = PBXFileReference; lastKnownFileType = sourcecode.swift; path = EntryRouter.swift; sourceTree = "<group>"; };
		A369A628280CA31200494B40 /* EntryViewModel.swift */ = {isa = PBXFileReference; lastKnownFileType = sourcecode.swift; path = EntryViewModel.swift; sourceTree = "<group>"; };
		A369A62A280CA32000494B40 /* EntryDataController.swift */ = {isa = PBXFileReference; lastKnownFileType = sourcecode.swift; path = EntryDataController.swift; sourceTree = "<group>"; };
		A369A62C280CA32B00494B40 /* EntryVC.swift */ = {isa = PBXFileReference; lastKnownFileType = sourcecode.swift; path = EntryVC.swift; sourceTree = "<group>"; };
		A369A62E280CB2DB00494B40 /* ERDataControllerProtocols.swift */ = {isa = PBXFileReference; lastKnownFileType = sourcecode.swift; path = ERDataControllerProtocols.swift; sourceTree = "<group>"; };
		A369A631280CB84C00494B40 /* EntryTextContentView.swift */ = {isa = PBXFileReference; lastKnownFileType = sourcecode.swift; path = EntryTextContentView.swift; sourceTree = "<group>"; };
		A369A633280CC13100494B40 /* EntryContentView.swift */ = {isa = PBXFileReference; lastKnownFileType = sourcecode.swift; path = EntryContentView.swift; sourceTree = "<group>"; };
		A369A63A280DF51200494B40 /* ERViewProtocols.swift */ = {isa = PBXFileReference; lastKnownFileType = sourcecode.swift; path = ERViewProtocols.swift; sourceTree = "<group>"; };
		A369A63D280DF62B00494B40 /* StringExtensions.swift */ = {isa = PBXFileReference; lastKnownFileType = sourcecode.swift; path = StringExtensions.swift; sourceTree = "<group>"; };
		A369A63F280DF66100494B40 /* ERViewModelProtocols.swift */ = {isa = PBXFileReference; lastKnownFileType = sourcecode.swift; path = ERViewModelProtocols.swift; sourceTree = "<group>"; };
		A369A643280E2A2C00494B40 /* TopicViewModel.swift */ = {isa = PBXFileReference; fileEncoding = 4; lastKnownFileType = sourcecode.swift; path = TopicViewModel.swift; sourceTree = "<group>"; };
		A369A645280E2A2C00494B40 /* TopicDataController.swift */ = {isa = PBXFileReference; fileEncoding = 4; lastKnownFileType = sourcecode.swift; path = TopicDataController.swift; sourceTree = "<group>"; };
		A369A647280E2A2C00494B40 /* TopicItemPresentation.swift */ = {isa = PBXFileReference; fileEncoding = 4; lastKnownFileType = sourcecode.swift; path = TopicItemPresentation.swift; sourceTree = "<group>"; };
		A369A649280E2A2C00494B40 /* TopicCell.swift */ = {isa = PBXFileReference; fileEncoding = 4; lastKnownFileType = sourcecode.swift; path = TopicCell.swift; sourceTree = "<group>"; };
		A369A64B280E2A2C00494B40 /* TopicViewController.swift */ = {isa = PBXFileReference; fileEncoding = 4; lastKnownFileType = sourcecode.swift; path = TopicViewController.swift; sourceTree = "<group>"; };
		A369A64D280E2A2C00494B40 /* TopicRouter.swift */ = {isa = PBXFileReference; fileEncoding = 4; lastKnownFileType = sourcecode.swift; path = TopicRouter.swift; sourceTree = "<group>"; };
		A37A760428145B7600637BF9 /* CustomViewStyling.swift */ = {isa = PBXFileReference; lastKnownFileType = sourcecode.swift; path = CustomViewStyling.swift; sourceTree = "<group>"; };
		A37AE2082814330800AC9EBB /* ERPagingView.swift */ = {isa = PBXFileReference; lastKnownFileType = sourcecode.swift; path = ERPagingView.swift; sourceTree = "<group>"; };
		A37B786F280499F900DED4F1 /* EksiError.swift */ = {isa = PBXFileReference; lastKnownFileType = sourcecode.swift; path = EksiError.swift; sourceTree = "<group>"; };
		A37B787128049CF300DED4F1 /* TopicListPresentation.swift */ = {isa = PBXFileReference; lastKnownFileType = sourcecode.swift; path = TopicListPresentation.swift; sourceTree = "<group>"; };
		A37B78742804AE5800DED4F1 /* TopicListCell.swift */ = {isa = PBXFileReference; lastKnownFileType = sourcecode.swift; path = TopicListCell.swift; sourceTree = "<group>"; };
		A37B787A2804BD7000DED4F1 /* EksiLoadingView.swift */ = {isa = PBXFileReference; lastKnownFileType = sourcecode.swift; path = EksiLoadingView.swift; sourceTree = "<group>"; };
		A37B787F2804CF0B00DED4F1 /* EksiLoadingView.json */ = {isa = PBXFileReference; fileEncoding = 4; lastKnownFileType = text.json; path = EksiLoadingView.json; sourceTree = "<group>"; };
		A37B78812804CF7300DED4F1 /* EksiFooterLoadingView.swift */ = {isa = PBXFileReference; lastKnownFileType = sourcecode.swift; path = EksiFooterLoadingView.swift; sourceTree = "<group>"; };
		A392F6BE280F119E00FB32C6 /* EksiTabbarController.swift */ = {isa = PBXFileReference; lastKnownFileType = sourcecode.swift; path = EksiTabbarController.swift; sourceTree = "<group>"; };
		A3CE88C22810A0FB00E44823 /* PopularViewController.swift */ = {isa = PBXFileReference; lastKnownFileType = sourcecode.swift; path = PopularViewController.swift; sourceTree = "<group>"; };
		A3CE88C42811A99F00E44823 /* ERNavigationTitleView.swift */ = {isa = PBXFileReference; lastKnownFileType = sourcecode.swift; path = ERNavigationTitleView.swift; sourceTree = "<group>"; };
		A3CE88C6281205D200E44823 /* UIViewController+Loading.swift */ = {isa = PBXFileReference; lastKnownFileType = sourcecode.swift; path = "UIViewController+Loading.swift"; sourceTree = "<group>"; };
		A3CE88C928120C9B00E44823 /* ChannelManager.swift */ = {isa = PBXFileReference; lastKnownFileType = sourcecode.swift; path = ChannelManager.swift; sourceTree = "<group>"; };
		A3E8E89328076993006DF479 /* ERListView.swift */ = {isa = PBXFileReference; lastKnownFileType = sourcecode.swift; path = ERListView.swift; sourceTree = "<group>"; };
		A3F5D0A427FD346D0031FA1F /* DeclarativeAnimations.swift */ = {isa = PBXFileReference; fileEncoding = 4; lastKnownFileType = sourcecode.swift; path = DeclarativeAnimations.swift; sourceTree = "<group>"; };
		A3F5D0A527FD346D0031FA1F /* DeclarativeString.swift */ = {isa = PBXFileReference; fileEncoding = 4; lastKnownFileType = sourcecode.swift; path = DeclarativeString.swift; sourceTree = "<group>"; };
		A3F5D0A627FD346D0031FA1F /* DeclarativeLayout.swift */ = {isa = PBXFileReference; fileEncoding = 4; lastKnownFileType = sourcecode.swift; path = DeclarativeLayout.swift; sourceTree = "<group>"; };
		A3F5D0A727FD346D0031FA1F /* DeclarativeUI.swift */ = {isa = PBXFileReference; fileEncoding = 4; lastKnownFileType = sourcecode.swift; path = DeclarativeUI.swift; sourceTree = "<group>"; };
		A3F5D0A827FD346D0031FA1F /* KeyboardHandler.swift */ = {isa = PBXFileReference; fileEncoding = 4; lastKnownFileType = sourcecode.swift; path = KeyboardHandler.swift; sourceTree = "<group>"; };
		A3F5D0A927FD346D0031FA1F /* Debouncer.swift */ = {isa = PBXFileReference; fileEncoding = 4; lastKnownFileType = sourcecode.swift; path = Debouncer.swift; sourceTree = "<group>"; };
		A3F5D0AA27FD346D0031FA1F /* KeyboardListener.swift */ = {isa = PBXFileReference; fileEncoding = 4; lastKnownFileType = sourcecode.swift; path = KeyboardListener.swift; sourceTree = "<group>"; };
		A3F5D0AC27FD346D0031FA1F /* UIViewController+Extensions.swift */ = {isa = PBXFileReference; fileEncoding = 4; lastKnownFileType = sourcecode.swift; path = "UIViewController+Extensions.swift"; sourceTree = "<group>"; };
		A3F5D0AD27FD346D0031FA1F /* UIEdgeInsets+Extensions.swift */ = {isa = PBXFileReference; fileEncoding = 4; lastKnownFileType = sourcecode.swift; path = "UIEdgeInsets+Extensions.swift"; sourceTree = "<group>"; };
		A3F5D0AE27FD346D0031FA1F /* CGRect+Extensions.swift */ = {isa = PBXFileReference; fileEncoding = 4; lastKnownFileType = sourcecode.swift; path = "CGRect+Extensions.swift"; sourceTree = "<group>"; };
		A3F5D0AF27FD346D0031FA1F /* UIViewGestureExtension.swift */ = {isa = PBXFileReference; fileEncoding = 4; lastKnownFileType = sourcecode.swift; path = UIViewGestureExtension.swift; sourceTree = "<group>"; };
		A3F5D0B027FD346D0031FA1F /* UINib+Loading.swift */ = {isa = PBXFileReference; fileEncoding = 4; lastKnownFileType = sourcecode.swift; path = "UINib+Loading.swift"; sourceTree = "<group>"; };
/* End PBXFileReference section */

/* Begin PBXFrameworksBuildPhase section */
		A331001427FCD1C700431F26 /* Frameworks */ = {
			isa = PBXFrameworksBuildPhase;
			buildActionMask = 2147483647;
			files = (
				A392F6C5280F233100FB32C6 /* SwipeableTabBarController in Frameworks */,
				A32CA81E280AE7E3005DE47B /* Kingfisher in Frameworks */,
				A37B78782804B97100DED4F1 /* Lottie in Frameworks */,
				A369A616280C5E8700494B40 /* SwiftHash in Frameworks */,
				A32CA82B280B313F005DE47B /* Loaf in Frameworks */,
			);
			runOnlyForDeploymentPostprocessing = 0;
		};
		A331002A27FCD1C900431F26 /* Frameworks */ = {
			isa = PBXFrameworksBuildPhase;
			buildActionMask = 2147483647;
			files = (
			);
			runOnlyForDeploymentPostprocessing = 0;
		};
		A331003427FCD1C900431F26 /* Frameworks */ = {
			isa = PBXFrameworksBuildPhase;
			buildActionMask = 2147483647;
			files = (
			);
			runOnlyForDeploymentPostprocessing = 0;
		};
/* End PBXFrameworksBuildPhase section */

/* Begin PBXGroup section */
		A311FBEA2802A69E00EE27A3 /* Views */ = {
			isa = PBXGroup;
			children = (
				A311FBEB2802A69E00EE27A3 /* ScrollableViewController.swift */,
				A311FBEC2802A69E00EE27A3 /* StackedView.swift */,
				A311FBEE2802A69E00EE27A3 /* ScrollableView.swift */,
				A311FBEF2802A69E00EE27A3 /* UITableView+Extensions.swift */,
				A311FBF22802A69E00EE27A3 /* DeclarativeCollectionView */,
				A311FBF52802A69E00EE27A3 /* DeclarativeTableView.swift */,
				A311FBF62802A69E00EE27A3 /* UICollectionView+Extensions.swift */,
			);
			path = Views;
			sourceTree = "<group>";
		};
		A311FBF22802A69E00EE27A3 /* DeclarativeCollectionView */ = {
			isa = PBXGroup;
			children = (
				A311FBF32802A69E00EE27A3 /* DeclarativeCollectionView.swift */,
				A311FBF42802A69E00EE27A3 /* DeclarativeCVSizeCalculator.swift */,
			);
			path = DeclarativeCollectionView;
			sourceTree = "<group>";
		};
		A311FC022802A6C400EE27A3 /* AcukaKit */ = {
			isa = PBXGroup;
			children = (
				A311FC212802C09000EE27A3 /* External */,
				A3F5D0A327FD346D0031FA1F /* Lib */,
				A3F5D0AB27FD346D0031FA1F /* Extensions */,
				A311FBEA2802A69E00EE27A3 /* Views */,
			);
			path = AcukaKit;
			sourceTree = "<group>";
		};
		A311FC032802A6EF00EE27A3 /* DataController */ = {
			isa = PBXGroup;
			children = (
				A311FC072802A77400EE27A3 /* TopicListDataController.swift */,
			);
			path = DataController;
			sourceTree = "<group>";
		};
		A311FC042802A6F900EE27A3 /* Router */ = {
			isa = PBXGroup;
			children = (
				A311FC052802A75C00EE27A3 /* TopicListRouter.swift */,
			);
			path = Router;
			sourceTree = "<group>";
		};
		A311FC0B2802A7AE00EE27A3 /* Base */ = {
			isa = PBXGroup;
			children = (
				A3362BD0280F6B1100425CCA /* BaseModule */,
				A311FC0C2802A7C100EE27A3 /* ERViewController.swift */,
				A311FC0E2802A7ED00EE27A3 /* ERNavigationController.swift */,
			);
			path = Base;
			sourceTree = "<group>";
		};
		A311FC102802A8FF00EE27A3 /* Model */ = {
			isa = PBXGroup;
			children = (
				A311FC1E2802BD4D00EE27A3 /* AuthToken.swift */,
				A37B786F280499F900DED4F1 /* EksiError.swift */,
			);
			path = Model;
			sourceTree = "<group>";
		};
		A311FC112802A90B00EE27A3 /* Presentation */ = {
			isa = PBXGroup;
			children = (
				A37B787128049CF300DED4F1 /* TopicListPresentation.swift */,
			);
			path = Presentation;
			sourceTree = "<group>";
		};
		A311FC122802A92D00EE27A3 /* Application */ = {
			isa = PBXGroup;
			children = (
				A3CE88C828120C7A00E44823 /* Manager */,
				A369A611280C5AC100494B40 /* Cloud */,
				A311FC132802A94400EE27A3 /* ERApplication.swift */,
				A311FC152802A99800EE27A3 /* NavigationUtility.swift */,
				A311FC172802AFCD00EE27A3 /* Configuration.swift */,
				A311FC242802C11700EE27A3 /* Const.swift */,
			);
			path = Application;
			sourceTree = "<group>";
		};
		A311FC1B2802BC0B00EE27A3 /* API */ = {
			isa = PBXGroup;
			children = (
				A311FC1C2802BC6F00EE27A3 /* EREndpoint.swift */,
				A311FC4A2803333900EE27A3 /* EksiRequests.swift */,
				A311FC4C2803334800EE27A3 /* EksiResponses.swift */,
				A32CA830280B6135005DE47B /* Reachability.swift */,
			);
			path = API;
			sourceTree = "<group>";
		};
		A311FC212802C09000EE27A3 /* External */ = {
			isa = PBXGroup;
			children = (
				A311FC262802C44300EE27A3 /* Promise */,
				A311FC222802C0A100EE27A3 /* KeychainWrapper.swift */,
			);
			path = External;
			sourceTree = "<group>";
		};
		A311FC262802C44300EE27A3 /* Promise */ = {
			isa = PBXGroup;
			children = (
				A311FC272802C44300EE27A3 /* Promise.swift */,
				A311FC282802C44300EE27A3 /* Promise+Extras.swift */,
			);
			path = Promise;
			sourceTree = "<group>";
		};
		A311FC2B2802C57C00EE27A3 /* Networking */ = {
			isa = PBXGroup;
			children = (
				A369A61A280C6D9F00494B40 /* Logger */,
				A369A619280C6D5F00494B40 /* Request */,
				A369A618280C6D5800494B40 /* Response */,
				A369A617280C6D5000494B40 /* Core */,
			);
			path = Networking;
			sourceTree = "<group>";
		};
		A32CA815280ADF3B005DE47B /* Styling */ = {
			isa = PBXGroup;
			children = (
				A32CA816280ADF5C005DE47B /* MainStyling.swift */,
				A32CA818280ADFAD005DE47B /* TodaysViewStyling.swift */,
				A32CA81A280ADFD7005DE47B /* TopicViewStyling.swift */,
				A37A760428145B7600637BF9 /* CustomViewStyling.swift */,
			);
			path = Styling;
			sourceTree = "<group>";
		};
		A32CA826280B0EF8005DE47B /* Storage */ = {
			isa = PBXGroup;
			children = (
				A32CA827280B0F11005DE47B /* ERStorage.swift */,
			);
			path = Storage;
			sourceTree = "<group>";
		};
		A331000E27FCD1C700431F26 = {
			isa = PBXGroup;
			children = (
				A331001927FCD1C700431F26 /* EksiReader */,
				A331003027FCD1C900431F26 /* EksiReaderTests */,
				A331003A27FCD1C900431F26 /* EksiReaderUITests */,
				A331001827FCD1C700431F26 /* Products */,
			);
			sourceTree = "<group>";
		};
		A331001827FCD1C700431F26 /* Products */ = {
			isa = PBXGroup;
			children = (
				A331001727FCD1C700431F26 /* EksiReader.app */,
				A331002D27FCD1C900431F26 /* EksiReaderTests.xctest */,
				A331003727FCD1C900431F26 /* EksiReaderUITests.xctest */,
			);
			name = Products;
			sourceTree = "<group>";
		};
		A331001927FCD1C700431F26 /* EksiReader */ = {
			isa = PBXGroup;
			children = (
				A369A63C280DF61A00494B40 /* Extensions */,
				A32CA826280B0EF8005DE47B /* Storage */,
				A32CA815280ADF3B005DE47B /* Styling */,
				A3E8E88C28073CA5006DF479 /* Protocols */,
				A37B787C2804BF6400DED4F1 /* Lottie */,
				A37B78792804BD5A00DED4F1 /* Views */,
				A311FC1B2802BC0B00EE27A3 /* API */,
				A311FC122802A92D00EE27A3 /* Application */,
				A311FC102802A8FF00EE27A3 /* Model */,
				A311FC022802A6C400EE27A3 /* AcukaKit */,
				A311FC0B2802A7AE00EE27A3 /* Base */,
				A331004A27FCD22C00431F26 /* Pages */,
				A331001A27FCD1C700431F26 /* AppDelegate.swift */,
				A331001C27FCD1C700431F26 /* SceneDelegate.swift */,
				A331002327FCD1C900431F26 /* Assets.xcassets */,
				A331002527FCD1C900431F26 /* LaunchScreen.storyboard */,
				A331002827FCD1C900431F26 /* Info.plist */,
			);
			path = EksiReader;
			sourceTree = "<group>";
		};
		A331003027FCD1C900431F26 /* EksiReaderTests */ = {
			isa = PBXGroup;
			children = (
				A331003127FCD1C900431F26 /* EksiReaderTests.swift */,
			);
			path = EksiReaderTests;
			sourceTree = "<group>";
		};
		A331003A27FCD1C900431F26 /* EksiReaderUITests */ = {
			isa = PBXGroup;
			children = (
				A331003B27FCD1C900431F26 /* EksiReaderUITests.swift */,
				A331003D27FCD1C900431F26 /* EksiReaderUITestsLaunchTests.swift */,
			);
			path = EksiReaderUITests;
			sourceTree = "<group>";
		};
		A331004A27FCD22C00431F26 /* Pages */ = {
			isa = PBXGroup;
			children = (
				A3362BD2280F6C0D00425CCA /* TodayViewController.swift */,
				A3CE88C22810A0FB00E44823 /* PopularViewController.swift */,
			);
			path = Pages;
			sourceTree = "<group>";
		};
		A331004B27FCD23800431F26 /* TopicList */ = {
			isa = PBXGroup;
			children = (
				A37B78732804AE4900DED4F1 /* Views */,
				A311FC112802A90B00EE27A3 /* Presentation */,
				A311FC042802A6F900EE27A3 /* Router */,
				A311FC032802A6EF00EE27A3 /* DataController */,
				A331004F27FCD26D00431F26 /* ViewModel */,
				A331004C27FCD24100431F26 /* ViewController */,
			);
			path = TopicList;
			sourceTree = "<group>";
		};
		A331004C27FCD24100431F26 /* ViewController */ = {
			isa = PBXGroup;
			children = (
				A331004D27FCD25500431F26 /* TopicListViewController.swift */,
			);
			path = ViewController;
			sourceTree = "<group>";
		};
		A331004F27FCD26D00431F26 /* ViewModel */ = {
			isa = PBXGroup;
			children = (
				A311FC092802A79300EE27A3 /* TopicListViewModel.swift */,
			);
			path = ViewModel;
			sourceTree = "<group>";
		};
		A3362BD0280F6B1100425CCA /* BaseModule */ = {
			isa = PBXGroup;
			children = (
				A3362BD1280F6B1C00425CCA /* List */,
			);
			path = BaseModule;
			sourceTree = "<group>";
		};
		A3362BD1280F6B1C00425CCA /* List */ = {
			isa = PBXGroup;
			children = (
				A369A641280E2A2C00494B40 /* Topic */,
				A369A61D280CA27E00494B40 /* Entry */,
				A331004B27FCD23800431F26 /* TopicList */,
			);
			path = List;
			sourceTree = "<group>";
		};
		A369A611280C5AC100494B40 /* Cloud */ = {
			isa = PBXGroup;
			children = (
				A311FC482802F53400EE27A3 /* EksiCloud.swift */,
				A369A612280C5AD900494B40 /* EksiCloudCache.swift */,
			);
			path = Cloud;
			sourceTree = "<group>";
		};
		A369A617280C6D5000494B40 /* Core */ = {
			isa = PBXGroup;
			children = (
				A311FC302802C59700EE27A3 /* NetworkSessionConfiguration.swift */,
				A311FC392802C59800EE27A3 /* NetworkingValidator.swift */,
				A311FC382802C59800EE27A3 /* NetworkingURLRequestBuilder.swift */,
				A311FC372802C59800EE27A3 /* NetworkingSession.swift */,
				A311FC352802C59800EE27A3 /* NetworkingRequestMethod.swift */,
				A311FC2F2802C59700EE27A3 /* NetworkingRequestHeader.swift */,
				A311FC312802C59700EE27A3 /* NetworkingError.swift */,
				A311FC332802C59800EE27A3 /* Networking.swift */,
			);
			path = Core;
			sourceTree = "<group>";
		};
		A369A618280C6D5800494B40 /* Response */ = {
			isa = PBXGroup;
			children = (
				A311FC362802C59800EE27A3 /* NetworkResponseModel.swift */,
				A311FC2D2802C59700EE27A3 /* NetworkingJsonResponse.swift */,
				A369A61B280C6E0A00494B40 /* NetworkingDataResponse.swift */,
			);
			path = Response;
			sourceTree = "<group>";
		};
		A369A619280C6D5F00494B40 /* Request */ = {
			isa = PBXGroup;
			children = (
				A311FC2E2802C59700EE27A3 /* NetworkingRequestProtocols.swift */,
				A311FC342802C59800EE27A3 /* NetworkingDataRequest.swift */,
			);
			path = Request;
			sourceTree = "<group>";
		};
		A369A61A280C6D9F00494B40 /* Logger */ = {
			isa = PBXGroup;
			children = (
				A311FC322802C59800EE27A3 /* NetworkingConsoleLogger.swift */,
				A311FC2C2802C59700EE27A3 /* NetworkingLogProvider.swift */,
			);
			path = Logger;
			sourceTree = "<group>";
		};
		A369A61D280CA27E00494B40 /* Entry */ = {
			isa = PBXGroup;
			children = (
				A369A622280CA2A400494B40 /* Router */,
				A369A621280CA29D00494B40 /* View */,
				A369A620280CA29700494B40 /* ViewModel */,
				A369A61F280CA28E00494B40 /* DataController */,
				A369A61E280CA28700494B40 /* ViewController */,
			);
			path = Entry;
			sourceTree = "<group>";
		};
		A369A61E280CA28700494B40 /* ViewController */ = {
			isa = PBXGroup;
			children = (
				A369A62C280CA32B00494B40 /* EntryVC.swift */,
			);
			path = ViewController;
			sourceTree = "<group>";
		};
		A369A61F280CA28E00494B40 /* DataController */ = {
			isa = PBXGroup;
			children = (
				A369A62A280CA32000494B40 /* EntryDataController.swift */,
			);
			path = DataController;
			sourceTree = "<group>";
		};
		A369A620280CA29700494B40 /* ViewModel */ = {
			isa = PBXGroup;
			children = (
				A369A628280CA31200494B40 /* EntryViewModel.swift */,
			);
			path = ViewModel;
			sourceTree = "<group>";
		};
		A369A621280CA29D00494B40 /* View */ = {
			isa = PBXGroup;
			children = (
			);
			path = View;
			sourceTree = "<group>";
		};
		A369A622280CA2A400494B40 /* Router */ = {
			isa = PBXGroup;
			children = (
				A369A626280CA2D700494B40 /* EntryRouter.swift */,
			);
			path = Router;
			sourceTree = "<group>";
		};
		A369A630280CB82500494B40 /* Entry */ = {
			isa = PBXGroup;
			children = (
				A32CA823280AF1B3005DE47B /* EntryInputView.swift */,
				A32CA813280AD5A5005DE47B /* EntryAuthorView.swift */,
				A369A631280CB84C00494B40 /* EntryTextContentView.swift */,
				A369A633280CC13100494B40 /* EntryContentView.swift */,
			);
			path = Entry;
			sourceTree = "<group>";
		};
		A369A63C280DF61A00494B40 /* Extensions */ = {
			isa = PBXGroup;
			children = (
				A369A63D280DF62B00494B40 /* StringExtensions.swift */,
				A3CE88C6281205D200E44823 /* UIViewController+Loading.swift */,
			);
			path = Extensions;
			sourceTree = "<group>";
		};
		A369A641280E2A2C00494B40 /* Topic */ = {
			isa = PBXGroup;
			children = (
				A369A642280E2A2C00494B40 /* ViewModel */,
				A369A644280E2A2C00494B40 /* DataController */,
				A369A646280E2A2C00494B40 /* Presentations */,
				A369A648280E2A2C00494B40 /* View */,
				A369A64A280E2A2C00494B40 /* ViewController */,
				A369A64C280E2A2C00494B40 /* Router */,
			);
			path = Topic;
			sourceTree = "<group>";
		};
		A369A642280E2A2C00494B40 /* ViewModel */ = {
			isa = PBXGroup;
			children = (
				A369A643280E2A2C00494B40 /* TopicViewModel.swift */,
			);
			path = ViewModel;
			sourceTree = "<group>";
		};
		A369A644280E2A2C00494B40 /* DataController */ = {
			isa = PBXGroup;
			children = (
				A369A645280E2A2C00494B40 /* TopicDataController.swift */,
			);
			path = DataController;
			sourceTree = "<group>";
		};
		A369A646280E2A2C00494B40 /* Presentations */ = {
			isa = PBXGroup;
			children = (
				A369A647280E2A2C00494B40 /* TopicItemPresentation.swift */,
			);
			path = Presentations;
			sourceTree = "<group>";
		};
		A369A648280E2A2C00494B40 /* View */ = {
			isa = PBXGroup;
			children = (
				A369A649280E2A2C00494B40 /* TopicCell.swift */,
			);
			path = View;
			sourceTree = "<group>";
		};
		A369A64A280E2A2C00494B40 /* ViewController */ = {
			isa = PBXGroup;
			children = (
				A369A64B280E2A2C00494B40 /* TopicViewController.swift */,
			);
			path = ViewController;
			sourceTree = "<group>";
		};
		A369A64C280E2A2C00494B40 /* Router */ = {
			isa = PBXGroup;
			children = (
				A369A64D280E2A2C00494B40 /* TopicRouter.swift */,
			);
			path = Router;
			sourceTree = "<group>";
		};
		A37B78732804AE4900DED4F1 /* Views */ = {
			isa = PBXGroup;
			children = (
				A37B78742804AE5800DED4F1 /* TopicListCell.swift */,
			);
			path = Views;
			sourceTree = "<group>";
		};
		A37B78792804BD5A00DED4F1 /* Views */ = {
			isa = PBXGroup;
			children = (
				A392F6BD280F108900FB32C6 /* TabbarController */,
				A369A630280CB82500494B40 /* Entry */,
				A37B787A2804BD7000DED4F1 /* EksiLoadingView.swift */,
				A37B78812804CF7300DED4F1 /* EksiFooterLoadingView.swift */,
				A3E8E89328076993006DF479 /* ERListView.swift */,
				A32CA82C280B5C19005DE47B /* LottieRefreshControl.swift */,
				A3CE88C42811A99F00E44823 /* ERNavigationTitleView.swift */,
				A37AE2082814330800AC9EBB /* ERPagingView.swift */,
			);
			path = Views;
			sourceTree = "<group>";
		};
		A37B787C2804BF6400DED4F1 /* Lottie */ = {
			isa = PBXGroup;
			children = (
				A37B787F2804CF0B00DED4F1 /* EksiLoadingView.json */,
				A32CA82E280B5C3A005DE47B /* lemonLoading.json */,
			);
			path = Lottie;
			sourceTree = "<group>";
		};
		A392F6BD280F108900FB32C6 /* TabbarController */ = {
			isa = PBXGroup;
			children = (
				A392F6BE280F119E00FB32C6 /* EksiTabbarController.swift */,
			);
			path = TabbarController;
			sourceTree = "<group>";
		};
		A3CE88C828120C7A00E44823 /* Manager */ = {
			isa = PBXGroup;
			children = (
				A3CE88C928120C9B00E44823 /* ChannelManager.swift */,
			);
			path = Manager;
			sourceTree = "<group>";
		};
		A3E8E88C28073CA5006DF479 /* Protocols */ = {
			isa = PBXGroup;
			children = (
				A369A62E280CB2DB00494B40 /* ERDataControllerProtocols.swift */,
				A369A63A280DF51200494B40 /* ERViewProtocols.swift */,
				A369A63F280DF66100494B40 /* ERViewModelProtocols.swift */,
			);
			path = Protocols;
			sourceTree = "<group>";
		};
		A3F5D0A327FD346D0031FA1F /* Lib */ = {
			isa = PBXGroup;
			children = (
				A311FC2B2802C57C00EE27A3 /* Networking */,
				A3F5D0A427FD346D0031FA1F /* DeclarativeAnimations.swift */,
				A3F5D0A527FD346D0031FA1F /* DeclarativeString.swift */,
				A3F5D0A627FD346D0031FA1F /* DeclarativeLayout.swift */,
				A3F5D0A727FD346D0031FA1F /* DeclarativeUI.swift */,
				A3F5D0A827FD346D0031FA1F /* KeyboardHandler.swift */,
				A3F5D0A927FD346D0031FA1F /* Debouncer.swift */,
				A3F5D0AA27FD346D0031FA1F /* KeyboardListener.swift */,
			);
			path = Lib;
			sourceTree = "<group>";
		};
		A3F5D0AB27FD346D0031FA1F /* Extensions */ = {
			isa = PBXGroup;
			children = (
				A32CA821280AEFF6005DE47B /* UIImageCacheExtension.swift */,
				A311FBF12802A69E00EE27A3 /* Date+Extensions.swift */,
				A311FBF02802A69E00EE27A3 /* URL+Extensions.swift */,
				A3F5D0AC27FD346D0031FA1F /* UIViewController+Extensions.swift */,
				A3F5D0AD27FD346D0031FA1F /* UIEdgeInsets+Extensions.swift */,
				A3F5D0AE27FD346D0031FA1F /* CGRect+Extensions.swift */,
				A3F5D0AF27FD346D0031FA1F /* UIViewGestureExtension.swift */,
				A3F5D0B027FD346D0031FA1F /* UINib+Loading.swift */,
				A32CA81F280AE946005DE47B /* DateFormatter+Extensions.swift */,
			);
			path = Extensions;
			sourceTree = "<group>";
		};
/* End PBXGroup section */

/* Begin PBXNativeTarget section */
		A331001627FCD1C700431F26 /* EksiReader */ = {
			isa = PBXNativeTarget;
			buildConfigurationList = A331004127FCD1C900431F26 /* Build configuration list for PBXNativeTarget "EksiReader" */;
			buildPhases = (
				A331001327FCD1C700431F26 /* Sources */,
				A331001427FCD1C700431F26 /* Frameworks */,
				A331001527FCD1C700431F26 /* Resources */,
			);
			buildRules = (
			);
			dependencies = (
			);
			name = EksiReader;
			packageProductDependencies = (
				A37B78772804B97100DED4F1 /* Lottie */,
				A32CA81D280AE7E3005DE47B /* Kingfisher */,
				A32CA82A280B313F005DE47B /* Loaf */,
				A369A615280C5E8700494B40 /* SwiftHash */,
				A392F6C4280F233100FB32C6 /* SwipeableTabBarController */,
			);
			productName = EksiReader;
			productReference = A331001727FCD1C700431F26 /* EksiReader.app */;
			productType = "com.apple.product-type.application";
		};
		A331002C27FCD1C900431F26 /* EksiReaderTests */ = {
			isa = PBXNativeTarget;
			buildConfigurationList = A331004427FCD1C900431F26 /* Build configuration list for PBXNativeTarget "EksiReaderTests" */;
			buildPhases = (
				A331002927FCD1C900431F26 /* Sources */,
				A331002A27FCD1C900431F26 /* Frameworks */,
				A331002B27FCD1C900431F26 /* Resources */,
			);
			buildRules = (
			);
			dependencies = (
				A331002F27FCD1C900431F26 /* PBXTargetDependency */,
			);
			name = EksiReaderTests;
			productName = EksiReaderTests;
			productReference = A331002D27FCD1C900431F26 /* EksiReaderTests.xctest */;
			productType = "com.apple.product-type.bundle.unit-test";
		};
		A331003627FCD1C900431F26 /* EksiReaderUITests */ = {
			isa = PBXNativeTarget;
			buildConfigurationList = A331004727FCD1C900431F26 /* Build configuration list for PBXNativeTarget "EksiReaderUITests" */;
			buildPhases = (
				A331003327FCD1C900431F26 /* Sources */,
				A331003427FCD1C900431F26 /* Frameworks */,
				A331003527FCD1C900431F26 /* Resources */,
			);
			buildRules = (
			);
			dependencies = (
				A331003927FCD1C900431F26 /* PBXTargetDependency */,
			);
			name = EksiReaderUITests;
			productName = EksiReaderUITests;
			productReference = A331003727FCD1C900431F26 /* EksiReaderUITests.xctest */;
			productType = "com.apple.product-type.bundle.ui-testing";
		};
/* End PBXNativeTarget section */

/* Begin PBXProject section */
		A331000F27FCD1C700431F26 /* Project object */ = {
			isa = PBXProject;
			attributes = {
				BuildIndependentTargetsInParallel = 1;
				LastSwiftUpdateCheck = 1300;
				LastUpgradeCheck = 1300;
				TargetAttributes = {
					A331001627FCD1C700431F26 = {
						CreatedOnToolsVersion = 13.0;
					};
					A331002C27FCD1C900431F26 = {
						CreatedOnToolsVersion = 13.0;
						TestTargetID = A331001627FCD1C700431F26;
					};
					A331003627FCD1C900431F26 = {
						CreatedOnToolsVersion = 13.0;
						TestTargetID = A331001627FCD1C700431F26;
					};
				};
			};
			buildConfigurationList = A331001227FCD1C700431F26 /* Build configuration list for PBXProject "EksiReader" */;
			compatibilityVersion = "Xcode 13.0";
			developmentRegion = en;
			hasScannedForEncodings = 0;
			knownRegions = (
				en,
				Base,
			);
			mainGroup = A331000E27FCD1C700431F26;
			packageReferences = (
				A37B78762804B97100DED4F1 /* XCRemoteSwiftPackageReference "lottie-ios" */,
				A32CA81C280AE7E2005DE47B /* XCRemoteSwiftPackageReference "Kingfisher" */,
				A32CA829280B313F005DE47B /* XCRemoteSwiftPackageReference "Loaf" */,
				A369A614280C5E8700494B40 /* XCRemoteSwiftPackageReference "SwiftHash" */,
				A392F6C3280F233100FB32C6 /* XCRemoteSwiftPackageReference "SwipeableTabBarController" */,
			);
			productRefGroup = A331001827FCD1C700431F26 /* Products */;
			projectDirPath = "";
			projectRoot = "";
			targets = (
				A331001627FCD1C700431F26 /* EksiReader */,
				A331002C27FCD1C900431F26 /* EksiReaderTests */,
				A331003627FCD1C900431F26 /* EksiReaderUITests */,
			);
		};
/* End PBXProject section */

/* Begin PBXResourcesBuildPhase section */
		A331001527FCD1C700431F26 /* Resources */ = {
			isa = PBXResourcesBuildPhase;
			buildActionMask = 2147483647;
			files = (
				A331002727FCD1C900431F26 /* LaunchScreen.storyboard in Resources */,
				A37B78802804CF0B00DED4F1 /* EksiLoadingView.json in Resources */,
				A32CA82F280B5C3A005DE47B /* lemonLoading.json in Resources */,
				A331002427FCD1C900431F26 /* Assets.xcassets in Resources */,
			);
			runOnlyForDeploymentPostprocessing = 0;
		};
		A331002B27FCD1C900431F26 /* Resources */ = {
			isa = PBXResourcesBuildPhase;
			buildActionMask = 2147483647;
			files = (
			);
			runOnlyForDeploymentPostprocessing = 0;
		};
		A331003527FCD1C900431F26 /* Resources */ = {
			isa = PBXResourcesBuildPhase;
			buildActionMask = 2147483647;
			files = (
			);
			runOnlyForDeploymentPostprocessing = 0;
		};
/* End PBXResourcesBuildPhase section */

/* Begin PBXSourcesBuildPhase section */
		A331001327FCD1C700431F26 /* Sources */ = {
			isa = PBXSourcesBuildPhase;
			buildActionMask = 2147483647;
			files = (
				A3F5D0B927FD346D0031FA1F /* UIEdgeInsets+Extensions.swift in Sources */,
				A369A651280E2A2C00494B40 /* TopicCell.swift in Sources */,
				A369A634280CC13100494B40 /* EntryContentView.swift in Sources */,
				A311FC252802C11700EE27A3 /* Const.swift in Sources */,
				A311FC3E2802C59800EE27A3 /* NetworkSessionConfiguration.swift in Sources */,
				A311FC412802C59800EE27A3 /* Networking.swift in Sources */,
				A311FBFD2802A69E00EE27A3 /* Date+Extensions.swift in Sources */,
				A311FBFC2802A69E00EE27A3 /* URL+Extensions.swift in Sources */,
				A369A627280CA2D700494B40 /* EntryRouter.swift in Sources */,
				A3F5D0B327FD346D0031FA1F /* DeclarativeLayout.swift in Sources */,
				A3F5D0B427FD346D0031FA1F /* DeclarativeUI.swift in Sources */,
				A32CA820280AE946005DE47B /* DateFormatter+Extensions.swift in Sources */,
				A37A760528145B7600637BF9 /* CustomViewStyling.swift in Sources */,
				A3362BD3280F6C0D00425CCA /* TodayViewController.swift in Sources */,
				A3CE88C7281205D200E44823 /* UIViewController+Loading.swift in Sources */,
				A3F5D0B727FD346D0031FA1F /* KeyboardListener.swift in Sources */,
				A369A63E280DF62B00494B40 /* StringExtensions.swift in Sources */,
				A369A650280E2A2C00494B40 /* TopicItemPresentation.swift in Sources */,
				A311FBFA2802A69E00EE27A3 /* ScrollableView.swift in Sources */,
				A311FC462802C59800EE27A3 /* NetworkingURLRequestBuilder.swift in Sources */,
				A369A62D280CA32B00494B40 /* EntryVC.swift in Sources */,
				A37B78752804AE5800DED4F1 /* TopicListCell.swift in Sources */,
				A37B787B2804BD7000DED4F1 /* EksiLoadingView.swift in Sources */,
				A32CA81B280ADFD7005DE47B /* TopicViewStyling.swift in Sources */,
				A3F5D0B627FD346D0031FA1F /* Debouncer.swift in Sources */,
				A311FC0A2802A79300EE27A3 /* TopicListViewModel.swift in Sources */,
				A369A653280E2A2C00494B40 /* TopicRouter.swift in Sources */,
				A311FC062802A75C00EE27A3 /* TopicListRouter.swift in Sources */,
				A311FBFE2802A69E00EE27A3 /* DeclarativeCollectionView.swift in Sources */,
				A311FC4D2803334800EE27A3 /* EksiResponses.swift in Sources */,
				A37B7870280499F900DED4F1 /* EksiError.swift in Sources */,
				A32CA817280ADF5C005DE47B /* MainStyling.swift in Sources */,
				A3CE88C32810A0FB00E44823 /* PopularViewController.swift in Sources */,
				A311FC452802C59800EE27A3 /* NetworkingSession.swift in Sources */,
				A331004E27FCD25500431F26 /* TopicListViewController.swift in Sources */,
				A311FC3F2802C59800EE27A3 /* NetworkingError.swift in Sources */,
				A3CE88CA28120C9B00E44823 /* ChannelManager.swift in Sources */,
				A32CA824280AF1B3005DE47B /* EntryInputView.swift in Sources */,
				A32CA828280B0F11005DE47B /* ERStorage.swift in Sources */,
				A311FC3D2802C59800EE27A3 /* NetworkingRequestHeader.swift in Sources */,
				A369A64F280E2A2C00494B40 /* TopicDataController.swift in Sources */,
				A369A62F280CB2DB00494B40 /* ERDataControllerProtocols.swift in Sources */,
				A369A652280E2A2C00494B40 /* TopicViewController.swift in Sources */,
				A311FC012802A69E00EE27A3 /* UICollectionView+Extensions.swift in Sources */,
				A392F6BF280F119E00FB32C6 /* EksiTabbarController.swift in Sources */,
				A369A63B280DF51200494B40 /* ERViewProtocols.swift in Sources */,
				A311FBFF2802A69E00EE27A3 /* DeclarativeCVSizeCalculator.swift in Sources */,
				A311FC2A2802C44300EE27A3 /* Promise+Extras.swift in Sources */,
				A311FC0F2802A7ED00EE27A3 /* ERNavigationController.swift in Sources */,
				A3F5D0BB27FD346D0031FA1F /* UIViewGestureExtension.swift in Sources */,
				A311FC442802C59800EE27A3 /* NetworkResponseModel.swift in Sources */,
				A311FC232802C0A100EE27A3 /* KeychainWrapper.swift in Sources */,
				A311FC1F2802BD4D00EE27A3 /* AuthToken.swift in Sources */,
				A311FC472802C59800EE27A3 /* NetworkingValidator.swift in Sources */,
				A3E8E89428076993006DF479 /* ERListView.swift in Sources */,
				A311FC4B2803333900EE27A3 /* EksiRequests.swift in Sources */,
				A37AE2092814330800AC9EBB /* ERPagingView.swift in Sources */,
				A311FC292802C44300EE27A3 /* Promise.swift in Sources */,
				A3F5D0B127FD346D0031FA1F /* DeclarativeAnimations.swift in Sources */,
				A369A629280CA31200494B40 /* EntryViewModel.swift in Sources */,
				A37B78822804CF7300DED4F1 /* EksiFooterLoadingView.swift in Sources */,
				A311FC002802A69E00EE27A3 /* DeclarativeTableView.swift in Sources */,
				A369A632280CB84C00494B40 /* EntryTextContentView.swift in Sources */,
				A32CA831280B6135005DE47B /* Reachability.swift in Sources */,
				A32CA814280AD5A5005DE47B /* EntryAuthorView.swift in Sources */,
				A311FC142802A94400EE27A3 /* ERApplication.swift in Sources */,
				A3F5D0BA27FD346D0031FA1F /* CGRect+Extensions.swift in Sources */,
				A311FC402802C59800EE27A3 /* NetworkingConsoleLogger.swift in Sources */,
				A311FBF82802A69E00EE27A3 /* StackedView.swift in Sources */,
				A32CA82D280B5C19005DE47B /* LottieRefreshControl.swift in Sources */,
				A369A613280C5AD900494B40 /* EksiCloudCache.swift in Sources */,
				A369A61C280C6E0A00494B40 /* NetworkingDataResponse.swift in Sources */,
				A311FC182802AFCD00EE27A3 /* Configuration.swift in Sources */,
				A311FC492802F53400EE27A3 /* EksiCloud.swift in Sources */,
				A3F5D0B827FD346D0031FA1F /* UIViewController+Extensions.swift in Sources */,
				A311FC162802A99800EE27A3 /* NavigationUtility.swift in Sources */,
				A3CE88C52811A99F00E44823 /* ERNavigationTitleView.swift in Sources */,
				A331001B27FCD1C700431F26 /* AppDelegate.swift in Sources */,
				A311FC082802A77400EE27A3 /* TopicListDataController.swift in Sources */,
				A311FBF72802A69E00EE27A3 /* ScrollableViewController.swift in Sources */,
				A3F5D0BC27FD346D0031FA1F /* UINib+Loading.swift in Sources */,
				A311FC1D2802BC6F00EE27A3 /* EREndpoint.swift in Sources */,
				A37B787228049CF300DED4F1 /* TopicListPresentation.swift in Sources */,
				A369A64E280E2A2C00494B40 /* TopicViewModel.swift in Sources */,
				A311FC0D2802A7C100EE27A3 /* ERViewController.swift in Sources */,
				A311FBFB2802A69E00EE27A3 /* UITableView+Extensions.swift in Sources */,
				A311FC3A2802C59800EE27A3 /* NetworkingLogProvider.swift in Sources */,
				A311FC3C2802C59800EE27A3 /* NetworkingRequestProtocols.swift in Sources */,
				A311FC3B2802C59800EE27A3 /* NetworkingJsonResponse.swift in Sources */,
				A32CA819280ADFAD005DE47B /* TodaysViewStyling.swift in Sources */,
				A369A62B280CA32000494B40 /* EntryDataController.swift in Sources */,
				A3F5D0B227FD346D0031FA1F /* DeclarativeString.swift in Sources */,
				A32CA822280AEFF6005DE47B /* UIImageCacheExtension.swift in Sources */,
				A311FC422802C59800EE27A3 /* NetworkingDataRequest.swift in Sources */,
				A369A640280DF66100494B40 /* ERViewModelProtocols.swift in Sources */,
				A331001D27FCD1C700431F26 /* SceneDelegate.swift in Sources */,
				A311FC432802C59800EE27A3 /* NetworkingRequestMethod.swift in Sources */,
				A3F5D0B527FD346D0031FA1F /* KeyboardHandler.swift in Sources */,
			);
			runOnlyForDeploymentPostprocessing = 0;
		};
		A331002927FCD1C900431F26 /* Sources */ = {
			isa = PBXSourcesBuildPhase;
			buildActionMask = 2147483647;
			files = (
				A331003227FCD1C900431F26 /* EksiReaderTests.swift in Sources */,
			);
			runOnlyForDeploymentPostprocessing = 0;
		};
		A331003327FCD1C900431F26 /* Sources */ = {
			isa = PBXSourcesBuildPhase;
			buildActionMask = 2147483647;
			files = (
				A331003C27FCD1C900431F26 /* EksiReaderUITests.swift in Sources */,
				A331003E27FCD1C900431F26 /* EksiReaderUITestsLaunchTests.swift in Sources */,
			);
			runOnlyForDeploymentPostprocessing = 0;
		};
/* End PBXSourcesBuildPhase section */

/* Begin PBXTargetDependency section */
		A331002F27FCD1C900431F26 /* PBXTargetDependency */ = {
			isa = PBXTargetDependency;
			target = A331001627FCD1C700431F26 /* EksiReader */;
			targetProxy = A331002E27FCD1C900431F26 /* PBXContainerItemProxy */;
		};
		A331003927FCD1C900431F26 /* PBXTargetDependency */ = {
			isa = PBXTargetDependency;
			target = A331001627FCD1C700431F26 /* EksiReader */;
			targetProxy = A331003827FCD1C900431F26 /* PBXContainerItemProxy */;
		};
/* End PBXTargetDependency section */

/* Begin PBXVariantGroup section */
		A331002527FCD1C900431F26 /* LaunchScreen.storyboard */ = {
			isa = PBXVariantGroup;
			children = (
				A331002627FCD1C900431F26 /* Base */,
			);
			name = LaunchScreen.storyboard;
			sourceTree = "<group>";
		};
/* End PBXVariantGroup section */

/* Begin XCBuildConfiguration section */
		A331003F27FCD1C900431F26 /* Debug */ = {
			isa = XCBuildConfiguration;
			buildSettings = {
				ALWAYS_SEARCH_USER_PATHS = NO;
				CLANG_ANALYZER_NONNULL = YES;
				CLANG_ANALYZER_NUMBER_OBJECT_CONVERSION = YES_AGGRESSIVE;
				CLANG_CXX_LANGUAGE_STANDARD = "gnu++17";
				CLANG_CXX_LIBRARY = "libc++";
				CLANG_ENABLE_MODULES = YES;
				CLANG_ENABLE_OBJC_ARC = YES;
				CLANG_ENABLE_OBJC_WEAK = YES;
				CLANG_WARN_BLOCK_CAPTURE_AUTORELEASING = YES;
				CLANG_WARN_BOOL_CONVERSION = YES;
				CLANG_WARN_COMMA = YES;
				CLANG_WARN_CONSTANT_CONVERSION = YES;
				CLANG_WARN_DEPRECATED_OBJC_IMPLEMENTATIONS = YES;
				CLANG_WARN_DIRECT_OBJC_ISA_USAGE = YES_ERROR;
				CLANG_WARN_DOCUMENTATION_COMMENTS = YES;
				CLANG_WARN_EMPTY_BODY = YES;
				CLANG_WARN_ENUM_CONVERSION = YES;
				CLANG_WARN_INFINITE_RECURSION = YES;
				CLANG_WARN_INT_CONVERSION = YES;
				CLANG_WARN_NON_LITERAL_NULL_CONVERSION = YES;
				CLANG_WARN_OBJC_IMPLICIT_RETAIN_SELF = YES;
				CLANG_WARN_OBJC_LITERAL_CONVERSION = YES;
				CLANG_WARN_OBJC_ROOT_CLASS = YES_ERROR;
				CLANG_WARN_QUOTED_INCLUDE_IN_FRAMEWORK_HEADER = YES;
				CLANG_WARN_RANGE_LOOP_ANALYSIS = YES;
				CLANG_WARN_STRICT_PROTOTYPES = YES;
				CLANG_WARN_SUSPICIOUS_MOVE = YES;
				CLANG_WARN_UNGUARDED_AVAILABILITY = YES_AGGRESSIVE;
				CLANG_WARN_UNREACHABLE_CODE = YES;
				CLANG_WARN__DUPLICATE_METHOD_MATCH = YES;
				COPY_PHASE_STRIP = NO;
				DEBUG_INFORMATION_FORMAT = dwarf;
				ENABLE_STRICT_OBJC_MSGSEND = YES;
				ENABLE_TESTABILITY = YES;
				GCC_C_LANGUAGE_STANDARD = gnu11;
				GCC_DYNAMIC_NO_PIC = NO;
				GCC_NO_COMMON_BLOCKS = YES;
				GCC_OPTIMIZATION_LEVEL = 0;
				GCC_PREPROCESSOR_DEFINITIONS = (
					"DEBUG=1",
					"$(inherited)",
				);
				GCC_WARN_64_TO_32_BIT_CONVERSION = YES;
				GCC_WARN_ABOUT_RETURN_TYPE = YES_ERROR;
				GCC_WARN_UNDECLARED_SELECTOR = YES;
				GCC_WARN_UNINITIALIZED_AUTOS = YES_AGGRESSIVE;
				GCC_WARN_UNUSED_FUNCTION = YES;
				GCC_WARN_UNUSED_VARIABLE = YES;
				IPHONEOS_DEPLOYMENT_TARGET = 15.0;
				MTL_ENABLE_DEBUG_INFO = INCLUDE_SOURCE;
				MTL_FAST_MATH = YES;
				ONLY_ACTIVE_ARCH = YES;
				SDKROOT = iphoneos;
				SWIFT_ACTIVE_COMPILATION_CONDITIONS = DEBUG;
				SWIFT_OPTIMIZATION_LEVEL = "-Onone";
			};
			name = Debug;
		};
		A331004027FCD1C900431F26 /* Release */ = {
			isa = XCBuildConfiguration;
			buildSettings = {
				ALWAYS_SEARCH_USER_PATHS = NO;
				CLANG_ANALYZER_NONNULL = YES;
				CLANG_ANALYZER_NUMBER_OBJECT_CONVERSION = YES_AGGRESSIVE;
				CLANG_CXX_LANGUAGE_STANDARD = "gnu++17";
				CLANG_CXX_LIBRARY = "libc++";
				CLANG_ENABLE_MODULES = YES;
				CLANG_ENABLE_OBJC_ARC = YES;
				CLANG_ENABLE_OBJC_WEAK = YES;
				CLANG_WARN_BLOCK_CAPTURE_AUTORELEASING = YES;
				CLANG_WARN_BOOL_CONVERSION = YES;
				CLANG_WARN_COMMA = YES;
				CLANG_WARN_CONSTANT_CONVERSION = YES;
				CLANG_WARN_DEPRECATED_OBJC_IMPLEMENTATIONS = YES;
				CLANG_WARN_DIRECT_OBJC_ISA_USAGE = YES_ERROR;
				CLANG_WARN_DOCUMENTATION_COMMENTS = YES;
				CLANG_WARN_EMPTY_BODY = YES;
				CLANG_WARN_ENUM_CONVERSION = YES;
				CLANG_WARN_INFINITE_RECURSION = YES;
				CLANG_WARN_INT_CONVERSION = YES;
				CLANG_WARN_NON_LITERAL_NULL_CONVERSION = YES;
				CLANG_WARN_OBJC_IMPLICIT_RETAIN_SELF = YES;
				CLANG_WARN_OBJC_LITERAL_CONVERSION = YES;
				CLANG_WARN_OBJC_ROOT_CLASS = YES_ERROR;
				CLANG_WARN_QUOTED_INCLUDE_IN_FRAMEWORK_HEADER = YES;
				CLANG_WARN_RANGE_LOOP_ANALYSIS = YES;
				CLANG_WARN_STRICT_PROTOTYPES = YES;
				CLANG_WARN_SUSPICIOUS_MOVE = YES;
				CLANG_WARN_UNGUARDED_AVAILABILITY = YES_AGGRESSIVE;
				CLANG_WARN_UNREACHABLE_CODE = YES;
				CLANG_WARN__DUPLICATE_METHOD_MATCH = YES;
				COPY_PHASE_STRIP = NO;
				DEBUG_INFORMATION_FORMAT = "dwarf-with-dsym";
				ENABLE_NS_ASSERTIONS = NO;
				ENABLE_STRICT_OBJC_MSGSEND = YES;
				GCC_C_LANGUAGE_STANDARD = gnu11;
				GCC_NO_COMMON_BLOCKS = YES;
				GCC_WARN_64_TO_32_BIT_CONVERSION = YES;
				GCC_WARN_ABOUT_RETURN_TYPE = YES_ERROR;
				GCC_WARN_UNDECLARED_SELECTOR = YES;
				GCC_WARN_UNINITIALIZED_AUTOS = YES_AGGRESSIVE;
				GCC_WARN_UNUSED_FUNCTION = YES;
				GCC_WARN_UNUSED_VARIABLE = YES;
				IPHONEOS_DEPLOYMENT_TARGET = 15.0;
				MTL_ENABLE_DEBUG_INFO = NO;
				MTL_FAST_MATH = YES;
				SDKROOT = iphoneos;
				SWIFT_COMPILATION_MODE = wholemodule;
				SWIFT_OPTIMIZATION_LEVEL = "-O";
				VALIDATE_PRODUCT = YES;
			};
			name = Release;
		};
		A331004227FCD1C900431F26 /* Debug */ = {
			isa = XCBuildConfiguration;
			buildSettings = {
				ASSETCATALOG_COMPILER_APPICON_NAME = AppIcon;
				ASSETCATALOG_COMPILER_GLOBAL_ACCENT_COLOR_NAME = AccentColor;
				CODE_SIGN_STYLE = Automatic;
				CURRENT_PROJECT_VERSION = 1;
				DEVELOPMENT_TEAM = 8FMTT8DQ4W;
				GENERATE_INFOPLIST_FILE = YES;
				INFOPLIST_FILE = EksiReader/Info.plist;
				INFOPLIST_KEY_UIApplicationSupportsIndirectInputEvents = YES;
				INFOPLIST_KEY_UILaunchStoryboardName = LaunchScreen;
				INFOPLIST_KEY_UISupportedInterfaceOrientations_iPad = "UIInterfaceOrientationPortrait UIInterfaceOrientationPortraitUpsideDown UIInterfaceOrientationLandscapeLeft UIInterfaceOrientationLandscapeRight";
				INFOPLIST_KEY_UISupportedInterfaceOrientations_iPhone = "UIInterfaceOrientationPortrait UIInterfaceOrientationLandscapeLeft UIInterfaceOrientationLandscapeRight";
				LD_RUNPATH_SEARCH_PATHS = (
					"$(inherited)",
					"@executable_path/Frameworks",
				);
				MARKETING_VERSION = 1.0;
				PRODUCT_BUNDLE_IDENTIFIER = com.acuka.EksiReader;
				PRODUCT_NAME = "$(TARGET_NAME)";
				SWIFT_EMIT_LOC_STRINGS = YES;
				SWIFT_VERSION = 5.0;
				TARGETED_DEVICE_FAMILY = "1,2";
			};
			name = Debug;
		};
		A331004327FCD1C900431F26 /* Release */ = {
			isa = XCBuildConfiguration;
			buildSettings = {
				ASSETCATALOG_COMPILER_APPICON_NAME = AppIcon;
				ASSETCATALOG_COMPILER_GLOBAL_ACCENT_COLOR_NAME = AccentColor;
				CODE_SIGN_STYLE = Automatic;
				CURRENT_PROJECT_VERSION = 1;
				DEVELOPMENT_TEAM = 8FMTT8DQ4W;
				GENERATE_INFOPLIST_FILE = YES;
				INFOPLIST_FILE = EksiReader/Info.plist;
				INFOPLIST_KEY_UIApplicationSupportsIndirectInputEvents = YES;
				INFOPLIST_KEY_UILaunchStoryboardName = LaunchScreen;
				INFOPLIST_KEY_UISupportedInterfaceOrientations_iPad = "UIInterfaceOrientationPortrait UIInterfaceOrientationPortraitUpsideDown UIInterfaceOrientationLandscapeLeft UIInterfaceOrientationLandscapeRight";
				INFOPLIST_KEY_UISupportedInterfaceOrientations_iPhone = "UIInterfaceOrientationPortrait UIInterfaceOrientationLandscapeLeft UIInterfaceOrientationLandscapeRight";
				LD_RUNPATH_SEARCH_PATHS = (
					"$(inherited)",
					"@executable_path/Frameworks",
				);
				MARKETING_VERSION = 1.0;
				PRODUCT_BUNDLE_IDENTIFIER = com.acuka.EksiReader;
				PRODUCT_NAME = "$(TARGET_NAME)";
				SWIFT_EMIT_LOC_STRINGS = YES;
				SWIFT_VERSION = 5.0;
				TARGETED_DEVICE_FAMILY = "1,2";
			};
			name = Release;
		};
		A331004527FCD1C900431F26 /* Debug */ = {
			isa = XCBuildConfiguration;
			buildSettings = {
				ALWAYS_EMBED_SWIFT_STANDARD_LIBRARIES = YES;
				BUNDLE_LOADER = "$(TEST_HOST)";
				CODE_SIGN_STYLE = Automatic;
				CURRENT_PROJECT_VERSION = 1;
				DEVELOPMENT_TEAM = 8FMTT8DQ4W;
				GENERATE_INFOPLIST_FILE = YES;
				IPHONEOS_DEPLOYMENT_TARGET = 15.0;
				LD_RUNPATH_SEARCH_PATHS = (
					"$(inherited)",
					"@executable_path/Frameworks",
					"@loader_path/Frameworks",
				);
				MARKETING_VERSION = 1.0;
				PRODUCT_BUNDLE_IDENTIFIER = com.acuka.EksiReaderTests;
				PRODUCT_NAME = "$(TARGET_NAME)";
				SWIFT_EMIT_LOC_STRINGS = NO;
				SWIFT_VERSION = 5.0;
				TARGETED_DEVICE_FAMILY = "1,2";
				TEST_HOST = "$(BUILT_PRODUCTS_DIR)/EksiReader.app/EksiReader";
			};
			name = Debug;
		};
		A331004627FCD1C900431F26 /* Release */ = {
			isa = XCBuildConfiguration;
			buildSettings = {
				ALWAYS_EMBED_SWIFT_STANDARD_LIBRARIES = YES;
				BUNDLE_LOADER = "$(TEST_HOST)";
				CODE_SIGN_STYLE = Automatic;
				CURRENT_PROJECT_VERSION = 1;
				DEVELOPMENT_TEAM = 8FMTT8DQ4W;
				GENERATE_INFOPLIST_FILE = YES;
				IPHONEOS_DEPLOYMENT_TARGET = 15.0;
				LD_RUNPATH_SEARCH_PATHS = (
					"$(inherited)",
					"@executable_path/Frameworks",
					"@loader_path/Frameworks",
				);
				MARKETING_VERSION = 1.0;
				PRODUCT_BUNDLE_IDENTIFIER = com.acuka.EksiReaderTests;
				PRODUCT_NAME = "$(TARGET_NAME)";
				SWIFT_EMIT_LOC_STRINGS = NO;
				SWIFT_VERSION = 5.0;
				TARGETED_DEVICE_FAMILY = "1,2";
				TEST_HOST = "$(BUILT_PRODUCTS_DIR)/EksiReader.app/EksiReader";
			};
			name = Release;
		};
		A331004827FCD1C900431F26 /* Debug */ = {
			isa = XCBuildConfiguration;
			buildSettings = {
				ALWAYS_EMBED_SWIFT_STANDARD_LIBRARIES = YES;
				CODE_SIGN_STYLE = Automatic;
				CURRENT_PROJECT_VERSION = 1;
				DEVELOPMENT_TEAM = 8FMTT8DQ4W;
				GENERATE_INFOPLIST_FILE = YES;
				LD_RUNPATH_SEARCH_PATHS = (
					"$(inherited)",
					"@executable_path/Frameworks",
					"@loader_path/Frameworks",
				);
				MARKETING_VERSION = 1.0;
				PRODUCT_BUNDLE_IDENTIFIER = com.acuka.EksiReaderUITests;
				PRODUCT_NAME = "$(TARGET_NAME)";
				SWIFT_EMIT_LOC_STRINGS = NO;
				SWIFT_VERSION = 5.0;
				TARGETED_DEVICE_FAMILY = "1,2";
				TEST_TARGET_NAME = EksiReader;
			};
			name = Debug;
		};
		A331004927FCD1C900431F26 /* Release */ = {
			isa = XCBuildConfiguration;
			buildSettings = {
				ALWAYS_EMBED_SWIFT_STANDARD_LIBRARIES = YES;
				CODE_SIGN_STYLE = Automatic;
				CURRENT_PROJECT_VERSION = 1;
				DEVELOPMENT_TEAM = 8FMTT8DQ4W;
				GENERATE_INFOPLIST_FILE = YES;
				LD_RUNPATH_SEARCH_PATHS = (
					"$(inherited)",
					"@executable_path/Frameworks",
					"@loader_path/Frameworks",
				);
				MARKETING_VERSION = 1.0;
				PRODUCT_BUNDLE_IDENTIFIER = com.acuka.EksiReaderUITests;
				PRODUCT_NAME = "$(TARGET_NAME)";
				SWIFT_EMIT_LOC_STRINGS = NO;
				SWIFT_VERSION = 5.0;
				TARGETED_DEVICE_FAMILY = "1,2";
				TEST_TARGET_NAME = EksiReader;
			};
			name = Release;
		};
/* End XCBuildConfiguration section */

/* Begin XCConfigurationList section */
		A331001227FCD1C700431F26 /* Build configuration list for PBXProject "EksiReader" */ = {
			isa = XCConfigurationList;
			buildConfigurations = (
				A331003F27FCD1C900431F26 /* Debug */,
				A331004027FCD1C900431F26 /* Release */,
			);
			defaultConfigurationIsVisible = 0;
			defaultConfigurationName = Release;
		};
		A331004127FCD1C900431F26 /* Build configuration list for PBXNativeTarget "EksiReader" */ = {
			isa = XCConfigurationList;
			buildConfigurations = (
				A331004227FCD1C900431F26 /* Debug */,
				A331004327FCD1C900431F26 /* Release */,
			);
			defaultConfigurationIsVisible = 0;
			defaultConfigurationName = Release;
		};
		A331004427FCD1C900431F26 /* Build configuration list for PBXNativeTarget "EksiReaderTests" */ = {
			isa = XCConfigurationList;
			buildConfigurations = (
				A331004527FCD1C900431F26 /* Debug */,
				A331004627FCD1C900431F26 /* Release */,
			);
			defaultConfigurationIsVisible = 0;
			defaultConfigurationName = Release;
		};
		A331004727FCD1C900431F26 /* Build configuration list for PBXNativeTarget "EksiReaderUITests" */ = {
			isa = XCConfigurationList;
			buildConfigurations = (
				A331004827FCD1C900431F26 /* Debug */,
				A331004927FCD1C900431F26 /* Release */,
			);
			defaultConfigurationIsVisible = 0;
			defaultConfigurationName = Release;
		};
/* End XCConfigurationList section */

/* Begin XCRemoteSwiftPackageReference section */
		A32CA81C280AE7E2005DE47B /* XCRemoteSwiftPackageReference "Kingfisher" */ = {
			isa = XCRemoteSwiftPackageReference;
			repositoryURL = "https://github.com/onevcat/Kingfisher.git";
			requirement = {
				branch = master;
				kind = branch;
			};
		};
		A32CA829280B313F005DE47B /* XCRemoteSwiftPackageReference "Loaf" */ = {
			isa = XCRemoteSwiftPackageReference;
			repositoryURL = "https://github.com/schmidyy/Loaf.git";
			requirement = {
				kind = upToNextMajorVersion;
				minimumVersion = 0.6.0;
			};
		};
		A369A614280C5E8700494B40 /* XCRemoteSwiftPackageReference "SwiftHash" */ = {
			isa = XCRemoteSwiftPackageReference;
			repositoryURL = "https://github.com/onmyway133/SwiftHash.git";
			requirement = {
				kind = upToNextMajorVersion;
				minimumVersion = 2.0.0;
			};
		};
		A37B78762804B97100DED4F1 /* XCRemoteSwiftPackageReference "lottie-ios" */ = {
			isa = XCRemoteSwiftPackageReference;
			repositoryURL = "https://github.com/airbnb/lottie-ios";
			requirement = {
				branch = master;
				kind = branch;
			};
		};
		A392F6C3280F233100FB32C6 /* XCRemoteSwiftPackageReference "SwipeableTabBarController" */ = {
			isa = XCRemoteSwiftPackageReference;
			repositoryURL = "https://github.com/marcosgriselli/SwipeableTabBarController.git";
			requirement = {
				kind = upToNextMajorVersion;
				minimumVersion = 3.0.0;
			};
		};
/* End XCRemoteSwiftPackageReference section */

/* Begin XCSwiftPackageProductDependency section */
		A32CA81D280AE7E3005DE47B /* Kingfisher */ = {
			isa = XCSwiftPackageProductDependency;
			package = A32CA81C280AE7E2005DE47B /* XCRemoteSwiftPackageReference "Kingfisher" */;
			productName = Kingfisher;
		};
		A32CA82A280B313F005DE47B /* Loaf */ = {
			isa = XCSwiftPackageProductDependency;
			package = A32CA829280B313F005DE47B /* XCRemoteSwiftPackageReference "Loaf" */;
			productName = Loaf;
		};
		A369A615280C5E8700494B40 /* SwiftHash */ = {
			isa = XCSwiftPackageProductDependency;
			package = A369A614280C5E8700494B40 /* XCRemoteSwiftPackageReference "SwiftHash" */;
			productName = SwiftHash;
		};
		A37B78772804B97100DED4F1 /* Lottie */ = {
			isa = XCSwiftPackageProductDependency;
			package = A37B78762804B97100DED4F1 /* XCRemoteSwiftPackageReference "lottie-ios" */;
			productName = Lottie;
		};
		A392F6C4280F233100FB32C6 /* SwipeableTabBarController */ = {
			isa = XCSwiftPackageProductDependency;
			package = A392F6C3280F233100FB32C6 /* XCRemoteSwiftPackageReference "SwipeableTabBarController" */;
			productName = SwipeableTabBarController;
		};
/* End XCSwiftPackageProductDependency section */
	};
	rootObject = A331000F27FCD1C700431F26 /* Project object */;
}
